// !$*UTF8*$!
{
	archiveVersion = 1;
	classes = {
	};
	objectVersion = 46;
	objects = {

/* Begin PBXBuildFile section */
		4AC04091188F0AF2006A2F3C /* libKLSwitch.a in Frameworks */ = {isa = PBXBuildFile; fileRef = 4AC0408C188F0AD5006A2F3C /* libKLSwitch.a */; };
		4AC04094188F71C4006A2F3C /* MergeClass.m in Sources */ = {isa = PBXBuildFile; fileRef = 4AC04093188F71C4006A2F3C /* MergeClass.m */; };
		76007DB11886FDE800FA7A39 /* dnvlogo76.png in Resources */ = {isa = PBXBuildFile; fileRef = 76007DAF1886FDE800FA7A39 /* dnvlogo76.png */; };
		76007DB21886FDE800FA7A39 /* dvnlogo152.png in Resources */ = {isa = PBXBuildFile; fileRef = 76007DB01886FDE800FA7A39 /* dvnlogo152.png */; };
		76007DBD18872BFC00FA7A39 /* SubElementCell.m in Sources */ = {isa = PBXBuildFile; fileRef = 76007DBC18872BFC00FA7A39 /* SubElementCell.m */; };
		76007E261888317400FA7A39 /* QuestionCell.m in Sources */ = {isa = PBXBuildFile; fileRef = 76007DB7188725CF00FA7A39 /* QuestionCell.m */; };
		7627430B1888508B00873E9F /* checkmark.png in Resources */ = {isa = PBXBuildFile; fileRef = 76007DB918872AE900FA7A39 /* checkmark.png */; };
		7627431018897BB500873E9F /* CalculatorViewController.m in Sources */ = {isa = PBXBuildFile; fileRef = 7627430F18897BB500873E9F /* CalculatorViewController.m */; };
		7627431318898D3900873E9F /* DrawingViewController.m in Sources */ = {isa = PBXBuildFile; fileRef = 7627431218898D3900873E9F /* DrawingViewController.m */; };
		7627970D1871D53A00F22E73 /* Foundation.framework in Frameworks */ = {isa = PBXBuildFile; fileRef = 7627970C1871D53A00F22E73 /* Foundation.framework */; };
		7627970F1871D53A00F22E73 /* CoreGraphics.framework in Frameworks */ = {isa = PBXBuildFile; fileRef = 7627970E1871D53A00F22E73 /* CoreGraphics.framework */; };
		762797111871D53A00F22E73 /* UIKit.framework in Frameworks */ = {isa = PBXBuildFile; fileRef = 762797101871D53A00F22E73 /* UIKit.framework */; };
		762797171871D53A00F22E73 /* InfoPlist.strings in Resources */ = {isa = PBXBuildFile; fileRef = 762797151871D53A00F22E73 /* InfoPlist.strings */; };
		762797191871D53A00F22E73 /* main.m in Sources */ = {isa = PBXBuildFile; fileRef = 762797181871D53A00F22E73 /* main.m */; };
		7627971D1871D53A00F22E73 /* AppDelegate.m in Sources */ = {isa = PBXBuildFile; fileRef = 7627971C1871D53A00F22E73 /* AppDelegate.m */; };
		762797201871D53A00F22E73 /* Main.storyboard in Resources */ = {isa = PBXBuildFile; fileRef = 7627971E1871D53A00F22E73 /* Main.storyboard */; };
		762797251871D53A00F22E73 /* Images.xcassets in Resources */ = {isa = PBXBuildFile; fileRef = 762797241871D53A00F22E73 /* Images.xcassets */; };
		7627972C1871D53A00F22E73 /* XCTest.framework in Frameworks */ = {isa = PBXBuildFile; fileRef = 7627972B1871D53A00F22E73 /* XCTest.framework */; };
		7627972D1871D53A00F22E73 /* Foundation.framework in Frameworks */ = {isa = PBXBuildFile; fileRef = 7627970C1871D53A00F22E73 /* Foundation.framework */; };
		7627972E1871D53A00F22E73 /* UIKit.framework in Frameworks */ = {isa = PBXBuildFile; fileRef = 762797101871D53A00F22E73 /* UIKit.framework */; };
		762797361871D53A00F22E73 /* InfoPlist.strings in Resources */ = {isa = PBXBuildFile; fileRef = 762797341871D53A00F22E73 /* InfoPlist.strings */; };
		762797381871D53A00F22E73 /* DNVTests.m in Sources */ = {isa = PBXBuildFile; fileRef = 762797371871D53A00F22E73 /* DNVTests.m */; };
		768D564E188F0FD300175EB4 /* SummaryOfRatingsViewController.m in Sources */ = {isa = PBXBuildFile; fileRef = 768D564D188F0FD300175EB4 /* SummaryOfRatingsViewController.m */; };
		768D5651188F0FF500175EB4 /* ElementRatingsCell.m in Sources */ = {isa = PBXBuildFile; fileRef = 768D5650188F0FF500175EB4 /* ElementRatingsCell.m */; };
		768D5653188F18CC00175EB4 /* sampleCompletedAudit.json in Resources */ = {isa = PBXBuildFile; fileRef = 768D5652188F18CC00175EB4 /* sampleCompletedAudit.json */; };
		768D56561890145500175EB4 /* ReportDocViewController.m in Sources */ = {isa = PBXBuildFile; fileRef = 768D56551890145500175EB4 /* ReportDocViewController.m */; };
		768D56651890634600175EB4 /* ECCommon.m in Sources */ = {isa = PBXBuildFile; fileRef = 768D565B1890634600175EB4 /* ECCommon.m */; settings = {COMPILER_FLAGS = "-fno-objc-arc"; }; };
		768D56661890634600175EB4 /* ECGraph.m in Sources */ = {isa = PBXBuildFile; fileRef = 768D565E1890634600175EB4 /* ECGraph.m */; settings = {COMPILER_FLAGS = "-fno-objc-arc"; }; };
		768D56671890634600175EB4 /* ECGraphItem.m in Sources */ = {isa = PBXBuildFile; fileRef = 768D56601890634600175EB4 /* ECGraphItem.m */; settings = {COMPILER_FLAGS = "-fno-objc-arc"; }; };
		768D56681890634600175EB4 /* ECGraphLine.m in Sources */ = {isa = PBXBuildFile; fileRef = 768D56621890634600175EB4 /* ECGraphLine.m */; settings = {COMPILER_FLAGS = "-fno-objc-arc"; }; };
		768D56691890634600175EB4 /* ECGraphPoint.m in Sources */ = {isa = PBXBuildFile; fileRef = 768D56641890634600175EB4 /* ECGraphPoint.m */; settings = {COMPILER_FLAGS = "-fno-objc-arc"; }; };
		768D566D1890678600175EB4 /* GraphView.m in Sources */ = {isa = PBXBuildFile; fileRef = 768D566C1890678600175EB4 /* GraphView.m */; };
		768D567018915C5200175EB4 /* TitleViewController.m in Sources */ = {isa = PBXBuildFile; fileRef = 768D566F18915C5200175EB4 /* TitleViewController.m */; };
		768D567318915FFD00175EB4 /* ReportDetailsViewController.m in Sources */ = {isa = PBXBuildFile; fileRef = 768D567218915FFD00175EB4 /* ReportDetailsViewController.m */; };
		768D5676189165C600175EB4 /* ExecutiveSummaryViewController.m in Sources */ = {isa = PBXBuildFile; fileRef = 768D5675189165C600175EB4 /* ExecutiveSummaryViewController.m */; };
		768D5679189167C900175EB4 /* TableofContentsViewController.m in Sources */ = {isa = PBXBuildFile; fileRef = 768D5678189167C900175EB4 /* TableofContentsViewController.m */; };
		768D567C18916A6300175EB4 /* ConclusionViewController.m in Sources */ = {isa = PBXBuildFile; fileRef = 768D567B18916A6300175EB4 /* ConclusionViewController.m */; };
		768D56801891ABD400175EB4 /* ReportPagesViewController.m in Sources */ = {isa = PBXBuildFile; fileRef = 768D567F1891ABD400175EB4 /* ReportPagesViewController.m */; };
		768D56CD1892CE2600175EB4 /* KeySuggestionsViewController.m in Sources */ = {isa = PBXBuildFile; fileRef = 768D56CC1892CE2600175EB4 /* KeySuggestionsViewController.m */; };
		768D56D01892CFBD00175EB4 /* KeySuggesstionCell.m in Sources */ = {isa = PBXBuildFile; fileRef = 768D56CF1892CFBD00175EB4 /* KeySuggesstionCell.m */; };
		768D56D4189314A900175EB4 /* ScoringAssumptionsViewController.m in Sources */ = {isa = PBXBuildFile; fileRef = 768D56D3189314A900175EB4 /* ScoringAssumptionsViewController.m */; };
		768D56D8189317C300175EB4 /* ElementSubelementProfilesViewController.m in Sources */ = {isa = PBXBuildFile; fileRef = 768D56D7189317C300175EB4 /* ElementSubelementProfilesViewController.m */; };
		768D56DB18932BD100175EB4 /* ProfileLabelCell.m in Sources */ = {isa = PBXBuildFile; fileRef = 768D56DA18932BD100175EB4 /* ProfileLabelCell.m */; };
		769D3CE6188580C5002DF3B8 /* VerifyQuestionsViewController.m in Sources */ = {isa = PBXBuildFile; fileRef = 769D3CE5188580C5002DF3B8 /* VerifyQuestionsViewController.m */; };
		769D3CEA1885A763002DF3B8 /* ImportMergeViewController.m in Sources */ = {isa = PBXBuildFile; fileRef = 769D3CE91885A763002DF3B8 /* ImportMergeViewController.m */; };
		769D3CEE1885F9FC002DF3B8 /* completed_checklist_icon.png in Resources */ = {isa = PBXBuildFile; fileRef = 769D3CEB1885F9FC002DF3B8 /* completed_checklist_icon.png */; };
		769D3CEF1885F9FC002DF3B8 /* wip_checklist_icon.png in Resources */ = {isa = PBXBuildFile; fileRef = 769D3CEC1885F9FC002DF3B8 /* wip_checklist_icon.png */; };
		769D3CF01885F9FC002DF3B8 /* new_checklist_icon.png in Resources */ = {isa = PBXBuildFile; fileRef = 769D3CED1885F9FC002DF3B8 /* new_checklist_icon.png */; };
		769D3CF518860C2B002DF3B8 /* flatFolderIcon2.png in Resources */ = {isa = PBXBuildFile; fileRef = 769D3CF418860C2B002DF3B8 /* flatFolderIcon2.png */; };
		769D3D0418863436002DF3B8 /* import_icon.png in Resources */ = {isa = PBXBuildFile; fileRef = 769D3D0318863436002DF3B8 /* import_icon.png */; };
		76A0DFBD18847B880038FD61 /* WIPAuditFilesViewController.m in Sources */ = {isa = PBXBuildFile; fileRef = 76A0DFBC18847B880038FD61 /* WIPAuditFilesViewController.m */; };
		76A1039D1899A08300283F67 /* EditClientViewController.m in Sources */ = {isa = PBXBuildFile; fileRef = 76A1039C1899A08300283F67 /* EditClientViewController.m */; };
		76A103A01899A7D300283F67 /* empty_checkbox.png in Resources */ = {isa = PBXBuildFile; fileRef = 76A1039F1899A7D300283F67 /* empty_checkbox.png */; };
		76A103A21899A7DD00283F67 /* checkbox_checked.png in Resources */ = {isa = PBXBuildFile; fileRef = 76A103A11899A7DD00283F67 /* checkbox_checked.png */; };
		76A103A41899ABDE00283F67 /* empty_checkbox_gray_border.png in Resources */ = {isa = PBXBuildFile; fileRef = 76A103A31899ABDE00283F67 /* empty_checkbox_gray_border.png */; };
		76A103A61899ABE500283F67 /* checkbox_checked_gray_border.png in Resources */ = {isa = PBXBuildFile; fileRef = 76A103A51899ABE500283F67 /* checkbox_checked_gray_border.png */; };
		76A2BE3C187DBF7A0056CC22 /* ElementSubElementViewController.m in Sources */ = {isa = PBXBuildFile; fileRef = 76A2BE3B187DBF7A0056CC22 /* ElementSubElementViewController.m */; };
		76A567FF1886DF70000E32D3 /* verify_icon.png in Resources */ = {isa = PBXBuildFile; fileRef = 76A567FE1886DF70000E32D3 /* verify_icon.png */; };
		76A568011886E0CC000E32D3 /* export_icon.png in Resources */ = {isa = PBXBuildFile; fileRef = 76A568001886E0CC000E32D3 /* export_icon.png */; };
		76A568031886E979000E32D3 /* notes_icon.png in Resources */ = {isa = PBXBuildFile; fileRef = 76A568021886E979000E32D3 /* notes_icon.png */; };
		76A568051886EA76000E32D3 /* verify_icon_gray.png in Resources */ = {isa = PBXBuildFile; fileRef = 76A568041886EA76000E32D3 /* verify_icon_gray.png */; };
		76A568071886ED22000E32D3 /* mic_icon.png in Resources */ = {isa = PBXBuildFile; fileRef = 76A568061886ED22000E32D3 /* mic_icon.png */; };
		76A568141886F33B000E32D3 /* thumbs_down_gray.png in Resources */ = {isa = PBXBuildFile; fileRef = 76A568101886F33B000E32D3 /* thumbs_down_gray.png */; };
		76A568151886F33B000E32D3 /* thumbs_down.png in Resources */ = {isa = PBXBuildFile; fileRef = 76A568111886F33B000E32D3 /* thumbs_down.png */; };
		76A568161886F33B000E32D3 /* thumbs_up_gray.png in Resources */ = {isa = PBXBuildFile; fileRef = 76A568121886F33B000E32D3 /* thumbs_up_gray.png */; };
		76A568171886F33B000E32D3 /* thumbs_up.png in Resources */ = {isa = PBXBuildFile; fileRef = 76A568131886F33B000E32D3 /* thumbs_up.png */; };
		76A568191886F62B000E32D3 /* camera_icon.png in Resources */ = {isa = PBXBuildFile; fileRef = 76A568181886F62B000E32D3 /* camera_icon.png */; };
		76A5681D1886F803000E32D3 /* attachment_icon.png in Resources */ = {isa = PBXBuildFile; fileRef = 76A5681C1886F803000E32D3 /* attachment_icon.png */; };
		76A568201886FA24000E32D3 /* not_applicable_icon_gray.png in Resources */ = {isa = PBXBuildFile; fileRef = 76A5681E1886FA24000E32D3 /* not_applicable_icon_gray.png */; };
		76A568211886FA24000E32D3 /* not_applicable_icon.png in Resources */ = {isa = PBXBuildFile; fileRef = 76A5681F1886FA24000E32D3 /* not_applicable_icon.png */; };
		76A56824188723F6000E32D3 /* check_gray.png in Resources */ = {isa = PBXBuildFile; fileRef = 76A56822188723F6000E32D3 /* check_gray.png */; };
		76A56825188723F6000E32D3 /* check.png in Resources */ = {isa = PBXBuildFile; fileRef = 76A56823188723F6000E32D3 /* check.png */; };
		76A5682B18873419000E32D3 /* ListOfCompletedViewController.m in Sources */ = {isa = PBXBuildFile; fileRef = 76A5682A18873419000E32D3 /* ListOfCompletedViewController.m */; };
		76A5682F18873E8F000E32D3 /* client_icon.png in Resources */ = {isa = PBXBuildFile; fileRef = 76A5682E18873E8F000E32D3 /* client_icon.png */; };
		76A56838188746E4000E32D3 /* delete_icon.png in Resources */ = {isa = PBXBuildFile; fileRef = 76A56837188746E4000E32D3 /* delete_icon.png */; };
		76A5683C18875A08000E32D3 /* CompletedChoicePopOver.m in Sources */ = {isa = PBXBuildFile; fileRef = 76A5683B18875A08000E32D3 /* CompletedChoicePopOver.m */; };
		76A721A7188061E200E34CFA /* DNV_GL_logo.png in Resources */ = {isa = PBXBuildFile; fileRef = 76A721A6188061E200E34CFA /* DNV_GL_logo.png */; };
		76A7C9941889DC02004E4F39 /* DNVDatabaseManagerClass.m in Sources */ = {isa = PBXBuildFile; fileRef = 76A7C9931889DC02004E4F39 /* DNVDatabaseManagerClass.m */; };
		76A7C9961889DCCA004E4F39 /* libsqlite3.dylib in Frameworks */ = {isa = PBXBuildFile; fileRef = 76A7C9951889DCCA004E4F39 /* libsqlite3.dylib */; };
		76A8AFFA187F0B00007531A9 /* ListOfWIPViewController.m in Sources */ = {isa = PBXBuildFile; fileRef = 76A8AFF9187F0B00007531A9 /* ListOfWIPViewController.m */; };
		76A8B001187F28AA007531A9 /* WIPChoicePopOver.m in Sources */ = {isa = PBXBuildFile; fileRef = 76A8B000187F28AA007531A9 /* WIPChoicePopOver.m */; };
		76AB3CB1187B17410019603F /* Client.m in Sources */ = {isa = PBXBuildFile; fileRef = 76AB3CB0187B17410019603F /* Client.m */; };
		76AB3CB4187B1FDA0019603F /* Audit.m in Sources */ = {isa = PBXBuildFile; fileRef = 76AB3CB3187B1FDA0019603F /* Audit.m */; };
		76AB3CB7187B20520019603F /* Report.m in Sources */ = {isa = PBXBuildFile; fileRef = 76AB3CB6187B20520019603F /* Report.m */; };
		76AB3CBA187B20C70019603F /* Elements.m in Sources */ = {isa = PBXBuildFile; fileRef = 76AB3CB9187B20C70019603F /* Elements.m */; };
		76AB3CBD187B212C0019603F /* SubElements.m in Sources */ = {isa = PBXBuildFile; fileRef = 76AB3CBC187B212C0019603F /* SubElements.m */; };
		76AB3CC0187B21700019603F /* Questions.m in Sources */ = {isa = PBXBuildFile; fileRef = 76AB3CBF187B21700019603F /* Questions.m */; };
		76AB3CC3187B22300019603F /* Answers.m in Sources */ = {isa = PBXBuildFile; fileRef = 76AB3CC2187B22300019603F /* Answers.m */; };
		76BF9C73187222DC00ACF6DB /* Security.framework in Frameworks */ = {isa = PBXBuildFile; fileRef = 76BF9C72187222DC00ACF6DB /* Security.framework */; };
		76BF9C75187222EF00ACF6DB /* QuartzCore.framework in Frameworks */ = {isa = PBXBuildFile; fileRef = 76BF9C74187222EF00ACF6DB /* QuartzCore.framework */; };
		76BF9C771872237200ACF6DB /* DropboxSDK.framework in Frameworks */ = {isa = PBXBuildFile; fileRef = 76BF9C761872237200ACF6DB /* DropboxSDK.framework */; };
		76D4A339187CE5F6007AB1A9 /* AuditSelectionViewController.m in Sources */ = {isa = PBXBuildFile; fileRef = 76D4A338187CE5F6007AB1A9 /* AuditSelectionViewController.m */; };
		76D96A3B187B001300961260 /* LogInViewController.m in Sources */ = {isa = PBXBuildFile; fileRef = 76D96A3A187B001300961260 /* LogInViewController.m */; };
		76D96A3E187B07EA00961260 /* User.m in Sources */ = {isa = PBXBuildFile; fileRef = 76D96A3D187B07EA00961260 /* User.m */; };
		76D96A45187B585900961260 /* ClientViewController.m in Sources */ = {isa = PBXBuildFile; fileRef = 76D96A44187B585900961260 /* ClientViewController.m */; };
		76DBFA83187CAD6300F84282 /* MainWindowPopOver.m in Sources */ = {isa = PBXBuildFile; fileRef = 76DBFA82187CAD6300F84282 /* MainWindowPopOver.m */; };
		76DCB9201889ACD700314C5D /* drawingBackGroundLines.png in Resources */ = {isa = PBXBuildFile; fileRef = 76DCB91F1889ACD700314C5D /* drawingBackGroundLines.png */; };
		76E81F0C187B559000441F62 /* sampleAudit.json in Resources */ = {isa = PBXBuildFile; fileRef = 76E81F0B187B559000441F62 /* sampleAudit.json */; };
		76E81F0D187B559000441F62 /* sampleAudit.json in Resources */ = {isa = PBXBuildFile; fileRef = 76E81F0B187B559000441F62 /* sampleAudit.json */; };
		76E81F13187C908100441F62 /* usersNOTDB.json in Resources */ = {isa = PBXBuildFile; fileRef = 76E81F12187C908100441F62 /* usersNOTDB.json */; };
		76E81F15187CBC0500441F62 /* users.json in Resources */ = {isa = PBXBuildFile; fileRef = 76E81F14187CBC0500441F62 /* users.json */; };
		76E81F18187DB92600441F62 /* Folder.m in Sources */ = {isa = PBXBuildFile; fileRef = 76E81F17187DB92600441F62 /* Folder.m */; };
		76E81F1B187EE78C00441F62 /* QuestionsViewController.m in Sources */ = {isa = PBXBuildFile; fileRef = 76E81F1A187EE78C00441F62 /* QuestionsViewController.m */; };
		76E81F1E187F071C00441F62 /* AnswersViewController.m in Sources */ = {isa = PBXBuildFile; fileRef = 76E81F1D187F071C00441F62 /* AnswersViewController.m */; };
		76E81F3C18848C7F00441F62 /* helpTextViewController.m in Sources */ = {isa = PBXBuildFile; fileRef = 76E81F3B18848C7F00441F62 /* helpTextViewController.m */; };
		76E81F3F18849DB500441F62 /* NotesViewController.m in Sources */ = {isa = PBXBuildFile; fileRef = 76E81F3E18849DB500441F62 /* NotesViewController.m */; };
		76E81F4218859D5F00441F62 /* VoiceRecognizer.m in Sources */ = {isa = PBXBuildFile; fileRef = 76E81F4118859D5F00441F62 /* VoiceRecognizer.m */; };
		76E81F4618859E3B00441F62 /* AcousticModelEnglish.bundle in Resources */ = {isa = PBXBuildFile; fileRef = 76E81F4318859E3B00441F62 /* AcousticModelEnglish.bundle */; };
		76E81F4718859E3B00441F62 /* OpenEars.framework in Frameworks */ = {isa = PBXBuildFile; fileRef = 76E81F4418859E3B00441F62 /* OpenEars.framework */; };
		76E81F4818859E3B00441F62 /* Slt.framework in Frameworks */ = {isa = PBXBuildFile; fileRef = 76E81F4518859E3B00441F62 /* Slt.framework */; };
		76E81F4A18859E7000441F62 /* AudioToolbox.framework in Frameworks */ = {isa = PBXBuildFile; fileRef = 76E81F4918859E7000441F62 /* AudioToolbox.framework */; };
		76E81F4C18859E7D00441F62 /* AVFoundation.framework in Frameworks */ = {isa = PBXBuildFile; fileRef = 76E81F4B18859E7D00441F62 /* AVFoundation.framework */; };
		76E81F4E1885A61700441F62 /* DVNCorpusTxt.txt in Resources */ = {isa = PBXBuildFile; fileRef = 76E81F4D1885A61700441F62 /* DVNCorpusTxt.txt */; };
		76E81F581886D5ED00441F62 /* Help-100.png in Resources */ = {isa = PBXBuildFile; fileRef = 76E81F571886D5ED00441F62 /* Help-100.png */; };
		76E81F5B1886D8A400441F62 /* LoginHelpPopOverViewController.m in Sources */ = {isa = PBXBuildFile; fileRef = 76E81F5A1886D8A400441F62 /* LoginHelpPopOverViewController.m */; };
		76F1015C18888F88003555F2 /* calculator_icon.png in Resources */ = {isa = PBXBuildFile; fileRef = 76F1015B18888F88003555F2 /* calculator_icon.png */; };
/* End PBXBuildFile section */

/* Begin PBXContainerItemProxy section */
		4AC0408B188F0AD5006A2F3C /* PBXContainerItemProxy */ = {
			isa = PBXContainerItemProxy;
			containerPortal = 4AC04086188F0AD4006A2F3C /* KLSwitch.xcodeproj */;
			proxyType = 2;
			remoteGlobalIDString = 7710F4F1176DE33900771BA7;
			remoteInfo = KLSwitch;
		};
		4AC0408D188F0AD5006A2F3C /* PBXContainerItemProxy */ = {
			isa = PBXContainerItemProxy;
			containerPortal = 4AC04086188F0AD4006A2F3C /* KLSwitch.xcodeproj */;
			proxyType = 2;
			remoteGlobalIDString = 7710F502176DE33900771BA7;
			remoteInfo = KLSwitchTests;
		};
		4AC0408F188F0AE7006A2F3C /* PBXContainerItemProxy */ = {
			isa = PBXContainerItemProxy;
			containerPortal = 4AC04086188F0AD4006A2F3C /* KLSwitch.xcodeproj */;
			proxyType = 1;
			remoteGlobalIDString = 7710F4F0176DE33900771BA7;
			remoteInfo = KLSwitch;
		};
		7627972F1871D53A00F22E73 /* PBXContainerItemProxy */ = {
			isa = PBXContainerItemProxy;
			containerPortal = 762797011871D53A00F22E73 /* Project object */;
			proxyType = 1;
			remoteGlobalIDString = 762797081871D53A00F22E73;
			remoteInfo = DNV;
		};
/* End PBXContainerItemProxy section */

/* Begin PBXFileReference section */
		4AC04086188F0AD4006A2F3C /* KLSwitch.xcodeproj */ = {isa = PBXFileReference; lastKnownFileType = "wrapper.pb-project"; name = KLSwitch.xcodeproj; path = "KLSwitch-master/KLSwitch/KLSwitch.xcodeproj"; sourceTree = "<group>"; };
		4AC04092188F71C4006A2F3C /* MergeClass.h */ = {isa = PBXFileReference; fileEncoding = 4; lastKnownFileType = sourcecode.c.h; path = MergeClass.h; sourceTree = "<group>"; };
		4AC04093188F71C4006A2F3C /* MergeClass.m */ = {isa = PBXFileReference; fileEncoding = 4; lastKnownFileType = sourcecode.c.objc; path = MergeClass.m; sourceTree = "<group>"; };
		76007DAF1886FDE800FA7A39 /* dnvlogo76.png */ = {isa = PBXFileReference; lastKnownFileType = image.png; path = dnvlogo76.png; sourceTree = "<group>"; };
		76007DB01886FDE800FA7A39 /* dvnlogo152.png */ = {isa = PBXFileReference; lastKnownFileType = image.png; path = dvnlogo152.png; sourceTree = "<group>"; };
		76007DB6188725CF00FA7A39 /* QuestionCell.h */ = {isa = PBXFileReference; fileEncoding = 4; lastKnownFileType = sourcecode.c.h; path = QuestionCell.h; sourceTree = "<group>"; };
		76007DB7188725CF00FA7A39 /* QuestionCell.m */ = {isa = PBXFileReference; fileEncoding = 4; lastKnownFileType = sourcecode.c.objc; path = QuestionCell.m; sourceTree = "<group>"; };
		76007DB918872AE900FA7A39 /* checkmark.png */ = {isa = PBXFileReference; lastKnownFileType = image.png; path = checkmark.png; sourceTree = "<group>"; };
		76007DBB18872BFC00FA7A39 /* SubElementCell.h */ = {isa = PBXFileReference; fileEncoding = 4; lastKnownFileType = sourcecode.c.h; path = SubElementCell.h; sourceTree = "<group>"; };
		76007DBC18872BFC00FA7A39 /* SubElementCell.m */ = {isa = PBXFileReference; fileEncoding = 4; lastKnownFileType = sourcecode.c.objc; path = SubElementCell.m; sourceTree = "<group>"; };
		7627430E18897BB500873E9F /* CalculatorViewController.h */ = {isa = PBXFileReference; fileEncoding = 4; lastKnownFileType = sourcecode.c.h; path = CalculatorViewController.h; sourceTree = "<group>"; };
		7627430F18897BB500873E9F /* CalculatorViewController.m */ = {isa = PBXFileReference; fileEncoding = 4; lastKnownFileType = sourcecode.c.objc; path = CalculatorViewController.m; sourceTree = "<group>"; };
		7627431118898D3900873E9F /* DrawingViewController.h */ = {isa = PBXFileReference; fileEncoding = 4; lastKnownFileType = sourcecode.c.h; path = DrawingViewController.h; sourceTree = "<group>"; };
		7627431218898D3900873E9F /* DrawingViewController.m */ = {isa = PBXFileReference; fileEncoding = 4; lastKnownFileType = sourcecode.c.objc; path = DrawingViewController.m; sourceTree = "<group>"; };
		762797091871D53A00F22E73 /* DNV.app */ = {isa = PBXFileReference; explicitFileType = wrapper.application; includeInIndex = 0; path = DNV.app; sourceTree = BUILT_PRODUCTS_DIR; };
		7627970C1871D53A00F22E73 /* Foundation.framework */ = {isa = PBXFileReference; lastKnownFileType = wrapper.framework; name = Foundation.framework; path = System/Library/Frameworks/Foundation.framework; sourceTree = SDKROOT; };
		7627970E1871D53A00F22E73 /* CoreGraphics.framework */ = {isa = PBXFileReference; lastKnownFileType = wrapper.framework; name = CoreGraphics.framework; path = System/Library/Frameworks/CoreGraphics.framework; sourceTree = SDKROOT; };
		762797101871D53A00F22E73 /* UIKit.framework */ = {isa = PBXFileReference; lastKnownFileType = wrapper.framework; name = UIKit.framework; path = System/Library/Frameworks/UIKit.framework; sourceTree = SDKROOT; };
		762797141871D53A00F22E73 /* DNV-Info.plist */ = {isa = PBXFileReference; lastKnownFileType = text.plist.xml; path = "DNV-Info.plist"; sourceTree = "<group>"; };
		762797161871D53A00F22E73 /* en */ = {isa = PBXFileReference; lastKnownFileType = text.plist.strings; name = en; path = en.lproj/InfoPlist.strings; sourceTree = "<group>"; };
		762797181871D53A00F22E73 /* main.m */ = {isa = PBXFileReference; lastKnownFileType = sourcecode.c.objc; path = main.m; sourceTree = "<group>"; };
		7627971A1871D53A00F22E73 /* DNV-Prefix.pch */ = {isa = PBXFileReference; lastKnownFileType = sourcecode.c.h; path = "DNV-Prefix.pch"; sourceTree = "<group>"; };
		7627971B1871D53A00F22E73 /* AppDelegate.h */ = {isa = PBXFileReference; lastKnownFileType = sourcecode.c.h; path = AppDelegate.h; sourceTree = "<group>"; };
		7627971C1871D53A00F22E73 /* AppDelegate.m */ = {isa = PBXFileReference; lastKnownFileType = sourcecode.c.objc; path = AppDelegate.m; sourceTree = "<group>"; };
		7627971F1871D53A00F22E73 /* Base */ = {isa = PBXFileReference; lastKnownFileType = file.storyboard; name = Base; path = Base.lproj/Main.storyboard; sourceTree = "<group>"; };
		762797241871D53A00F22E73 /* Images.xcassets */ = {isa = PBXFileReference; lastKnownFileType = folder.assetcatalog; path = Images.xcassets; sourceTree = "<group>"; };
		7627972A1871D53A00F22E73 /* DNVTests.xctest */ = {isa = PBXFileReference; explicitFileType = wrapper.cfbundle; includeInIndex = 0; path = DNVTests.xctest; sourceTree = BUILT_PRODUCTS_DIR; };
		7627972B1871D53A00F22E73 /* XCTest.framework */ = {isa = PBXFileReference; lastKnownFileType = wrapper.framework; name = XCTest.framework; path = Library/Frameworks/XCTest.framework; sourceTree = DEVELOPER_DIR; };
		762797331871D53A00F22E73 /* DNVTests-Info.plist */ = {isa = PBXFileReference; lastKnownFileType = text.plist.xml; path = "DNVTests-Info.plist"; sourceTree = "<group>"; };
		762797351871D53A00F22E73 /* en */ = {isa = PBXFileReference; lastKnownFileType = text.plist.strings; name = en; path = en.lproj/InfoPlist.strings; sourceTree = "<group>"; };
		762797371871D53A00F22E73 /* DNVTests.m */ = {isa = PBXFileReference; lastKnownFileType = sourcecode.c.objc; path = DNVTests.m; sourceTree = "<group>"; };
		768D564C188F0FD300175EB4 /* SummaryOfRatingsViewController.h */ = {isa = PBXFileReference; fileEncoding = 4; lastKnownFileType = sourcecode.c.h; path = SummaryOfRatingsViewController.h; sourceTree = "<group>"; };
		768D564D188F0FD300175EB4 /* SummaryOfRatingsViewController.m */ = {isa = PBXFileReference; fileEncoding = 4; lastKnownFileType = sourcecode.c.objc; lineEnding = 0; path = SummaryOfRatingsViewController.m; sourceTree = "<group>"; xcLanguageSpecificationIdentifier = xcode.lang.objc; };
		768D564F188F0FF500175EB4 /* ElementRatingsCell.h */ = {isa = PBXFileReference; fileEncoding = 4; lastKnownFileType = sourcecode.c.h; path = ElementRatingsCell.h; sourceTree = "<group>"; };
		768D5650188F0FF500175EB4 /* ElementRatingsCell.m */ = {isa = PBXFileReference; fileEncoding = 4; lastKnownFileType = sourcecode.c.objc; path = ElementRatingsCell.m; sourceTree = "<group>"; };
		768D5652188F18CC00175EB4 /* sampleCompletedAudit.json */ = {isa = PBXFileReference; fileEncoding = 4; lastKnownFileType = text.json; lineEnding = 0; path = sampleCompletedAudit.json; sourceTree = "<group>"; xcLanguageSpecificationIdentifier = xcode.lang.javascript; };
		768D56541890145500175EB4 /* ReportDocViewController.h */ = {isa = PBXFileReference; fileEncoding = 4; lastKnownFileType = sourcecode.c.h; path = ReportDocViewController.h; sourceTree = "<group>"; };
		768D56551890145500175EB4 /* ReportDocViewController.m */ = {isa = PBXFileReference; fileEncoding = 4; lastKnownFileType = sourcecode.c.objc; path = ReportDocViewController.m; sourceTree = "<group>"; };
		768D565A1890634600175EB4 /* ECCommon.h */ = {isa = PBXFileReference; fileEncoding = 4; lastKnownFileType = sourcecode.c.h; path = ECCommon.h; sourceTree = "<group>"; };
		768D565B1890634600175EB4 /* ECCommon.m */ = {isa = PBXFileReference; fileEncoding = 4; lastKnownFileType = sourcecode.c.objc; path = ECCommon.m; sourceTree = "<group>"; };
		768D565D1890634600175EB4 /* ECGraph.h */ = {isa = PBXFileReference; fileEncoding = 4; lastKnownFileType = sourcecode.c.h; path = ECGraph.h; sourceTree = "<group>"; };
		768D565E1890634600175EB4 /* ECGraph.m */ = {isa = PBXFileReference; fileEncoding = 4; lastKnownFileType = sourcecode.c.objc; path = ECGraph.m; sourceTree = "<group>"; };
		768D565F1890634600175EB4 /* ECGraphItem.h */ = {isa = PBXFileReference; fileEncoding = 4; lastKnownFileType = sourcecode.c.h; path = ECGraphItem.h; sourceTree = "<group>"; };
		768D56601890634600175EB4 /* ECGraphItem.m */ = {isa = PBXFileReference; fileEncoding = 4; lastKnownFileType = sourcecode.c.objc; path = ECGraphItem.m; sourceTree = "<group>"; };
		768D56611890634600175EB4 /* ECGraphLine.h */ = {isa = PBXFileReference; fileEncoding = 4; lastKnownFileType = sourcecode.c.h; path = ECGraphLine.h; sourceTree = "<group>"; };
		768D56621890634600175EB4 /* ECGraphLine.m */ = {isa = PBXFileReference; fileEncoding = 4; lastKnownFileType = sourcecode.c.objc; path = ECGraphLine.m; sourceTree = "<group>"; };
		768D56631890634600175EB4 /* ECGraphPoint.h */ = {isa = PBXFileReference; fileEncoding = 4; lastKnownFileType = sourcecode.c.h; path = ECGraphPoint.h; sourceTree = "<group>"; };
		768D56641890634600175EB4 /* ECGraphPoint.m */ = {isa = PBXFileReference; fileEncoding = 4; lastKnownFileType = sourcecode.c.objc; path = ECGraphPoint.m; sourceTree = "<group>"; };
		768D566B1890678600175EB4 /* GraphView.h */ = {isa = PBXFileReference; fileEncoding = 4; lastKnownFileType = sourcecode.c.h; path = GraphView.h; sourceTree = "<group>"; };
		768D566C1890678600175EB4 /* GraphView.m */ = {isa = PBXFileReference; fileEncoding = 4; lastKnownFileType = sourcecode.c.objc; path = GraphView.m; sourceTree = "<group>"; };
		768D566E18915C5200175EB4 /* TitleViewController.h */ = {isa = PBXFileReference; fileEncoding = 4; lastKnownFileType = sourcecode.c.h; path = TitleViewController.h; sourceTree = "<group>"; };
		768D566F18915C5200175EB4 /* TitleViewController.m */ = {isa = PBXFileReference; fileEncoding = 4; lastKnownFileType = sourcecode.c.objc; path = TitleViewController.m; sourceTree = "<group>"; };
		768D567118915FFD00175EB4 /* ReportDetailsViewController.h */ = {isa = PBXFileReference; fileEncoding = 4; lastKnownFileType = sourcecode.c.h; path = ReportDetailsViewController.h; sourceTree = "<group>"; };
		768D567218915FFD00175EB4 /* ReportDetailsViewController.m */ = {isa = PBXFileReference; fileEncoding = 4; lastKnownFileType = sourcecode.c.objc; path = ReportDetailsViewController.m; sourceTree = "<group>"; };
		768D5674189165C600175EB4 /* ExecutiveSummaryViewController.h */ = {isa = PBXFileReference; fileEncoding = 4; lastKnownFileType = sourcecode.c.h; path = ExecutiveSummaryViewController.h; sourceTree = "<group>"; };
		768D5675189165C600175EB4 /* ExecutiveSummaryViewController.m */ = {isa = PBXFileReference; fileEncoding = 4; lastKnownFileType = sourcecode.c.objc; path = ExecutiveSummaryViewController.m; sourceTree = "<group>"; };
		768D5677189167C900175EB4 /* TableofContentsViewController.h */ = {isa = PBXFileReference; fileEncoding = 4; lastKnownFileType = sourcecode.c.h; path = TableofContentsViewController.h; sourceTree = "<group>"; };
		768D5678189167C900175EB4 /* TableofContentsViewController.m */ = {isa = PBXFileReference; fileEncoding = 4; lastKnownFileType = sourcecode.c.objc; path = TableofContentsViewController.m; sourceTree = "<group>"; };
		768D567A18916A6300175EB4 /* ConclusionViewController.h */ = {isa = PBXFileReference; fileEncoding = 4; lastKnownFileType = sourcecode.c.h; path = ConclusionViewController.h; sourceTree = "<group>"; };
		768D567B18916A6300175EB4 /* ConclusionViewController.m */ = {isa = PBXFileReference; fileEncoding = 4; lastKnownFileType = sourcecode.c.objc; lineEnding = 0; path = ConclusionViewController.m; sourceTree = "<group>"; xcLanguageSpecificationIdentifier = xcode.lang.objc; };
		768D567E1891ABD400175EB4 /* ReportPagesViewController.h */ = {isa = PBXFileReference; fileEncoding = 4; lastKnownFileType = sourcecode.c.h; path = ReportPagesViewController.h; sourceTree = "<group>"; };
		768D567F1891ABD400175EB4 /* ReportPagesViewController.m */ = {isa = PBXFileReference; fileEncoding = 4; lastKnownFileType = sourcecode.c.objc; path = ReportPagesViewController.m; sourceTree = "<group>"; };
		768D56CB1892CE2600175EB4 /* KeySuggestionsViewController.h */ = {isa = PBXFileReference; fileEncoding = 4; lastKnownFileType = sourcecode.c.h; path = KeySuggestionsViewController.h; sourceTree = "<group>"; };
		768D56CC1892CE2600175EB4 /* KeySuggestionsViewController.m */ = {isa = PBXFileReference; fileEncoding = 4; lastKnownFileType = sourcecode.c.objc; path = KeySuggestionsViewController.m; sourceTree = "<group>"; };
		768D56CE1892CFBD00175EB4 /* KeySuggesstionCell.h */ = {isa = PBXFileReference; fileEncoding = 4; lastKnownFileType = sourcecode.c.h; path = KeySuggesstionCell.h; sourceTree = "<group>"; };
		768D56CF1892CFBD00175EB4 /* KeySuggesstionCell.m */ = {isa = PBXFileReference; fileEncoding = 4; lastKnownFileType = sourcecode.c.objc; path = KeySuggesstionCell.m; sourceTree = "<group>"; };
		768D56D2189314A900175EB4 /* ScoringAssumptionsViewController.h */ = {isa = PBXFileReference; fileEncoding = 4; lastKnownFileType = sourcecode.c.h; path = ScoringAssumptionsViewController.h; sourceTree = "<group>"; };
		768D56D3189314A900175EB4 /* ScoringAssumptionsViewController.m */ = {isa = PBXFileReference; fileEncoding = 4; lastKnownFileType = sourcecode.c.objc; path = ScoringAssumptionsViewController.m; sourceTree = "<group>"; };
		768D56D6189317C300175EB4 /* ElementSubelementProfilesViewController.h */ = {isa = PBXFileReference; fileEncoding = 4; lastKnownFileType = sourcecode.c.h; path = ElementSubelementProfilesViewController.h; sourceTree = "<group>"; };
		768D56D7189317C300175EB4 /* ElementSubelementProfilesViewController.m */ = {isa = PBXFileReference; fileEncoding = 4; lastKnownFileType = sourcecode.c.objc; path = ElementSubelementProfilesViewController.m; sourceTree = "<group>"; };
		768D56D918932BD100175EB4 /* ProfileLabelCell.h */ = {isa = PBXFileReference; fileEncoding = 4; lastKnownFileType = sourcecode.c.h; path = ProfileLabelCell.h; sourceTree = "<group>"; };
		768D56DA18932BD100175EB4 /* ProfileLabelCell.m */ = {isa = PBXFileReference; fileEncoding = 4; lastKnownFileType = sourcecode.c.objc; path = ProfileLabelCell.m; sourceTree = "<group>"; };
		769D3CE4188580C5002DF3B8 /* VerifyQuestionsViewController.h */ = {isa = PBXFileReference; fileEncoding = 4; lastKnownFileType = sourcecode.c.h; path = VerifyQuestionsViewController.h; sourceTree = "<group>"; };
		769D3CE5188580C5002DF3B8 /* VerifyQuestionsViewController.m */ = {isa = PBXFileReference; fileEncoding = 4; lastKnownFileType = sourcecode.c.objc; path = VerifyQuestionsViewController.m; sourceTree = "<group>"; };
		769D3CE81885A763002DF3B8 /* ImportMergeViewController.h */ = {isa = PBXFileReference; fileEncoding = 4; lastKnownFileType = sourcecode.c.h; path = ImportMergeViewController.h; sourceTree = "<group>"; };
		769D3CE91885A763002DF3B8 /* ImportMergeViewController.m */ = {isa = PBXFileReference; fileEncoding = 4; lastKnownFileType = sourcecode.c.objc; path = ImportMergeViewController.m; sourceTree = "<group>"; };
		769D3CEB1885F9FC002DF3B8 /* completed_checklist_icon.png */ = {isa = PBXFileReference; lastKnownFileType = image.png; path = completed_checklist_icon.png; sourceTree = "<group>"; };
		769D3CEC1885F9FC002DF3B8 /* wip_checklist_icon.png */ = {isa = PBXFileReference; lastKnownFileType = image.png; path = wip_checklist_icon.png; sourceTree = "<group>"; };
		769D3CED1885F9FC002DF3B8 /* new_checklist_icon.png */ = {isa = PBXFileReference; lastKnownFileType = image.png; path = new_checklist_icon.png; sourceTree = "<group>"; };
		769D3CF418860C2B002DF3B8 /* flatFolderIcon2.png */ = {isa = PBXFileReference; lastKnownFileType = image.png; path = flatFolderIcon2.png; sourceTree = "<group>"; };
		769D3D0318863436002DF3B8 /* import_icon.png */ = {isa = PBXFileReference; lastKnownFileType = image.png; path = import_icon.png; sourceTree = "<group>"; };
		76A0DFBB18847B880038FD61 /* WIPAuditFilesViewController.h */ = {isa = PBXFileReference; fileEncoding = 4; lastKnownFileType = sourcecode.c.h; path = WIPAuditFilesViewController.h; sourceTree = "<group>"; };
		76A0DFBC18847B880038FD61 /* WIPAuditFilesViewController.m */ = {isa = PBXFileReference; fileEncoding = 4; lastKnownFileType = sourcecode.c.objc; path = WIPAuditFilesViewController.m; sourceTree = "<group>"; };
		76A1039B1899A08300283F67 /* EditClientViewController.h */ = {isa = PBXFileReference; fileEncoding = 4; lastKnownFileType = sourcecode.c.h; path = EditClientViewController.h; sourceTree = "<group>"; };
		76A1039C1899A08300283F67 /* EditClientViewController.m */ = {isa = PBXFileReference; fileEncoding = 4; lastKnownFileType = sourcecode.c.objc; path = EditClientViewController.m; sourceTree = "<group>"; };
		76A1039F1899A7D300283F67 /* empty_checkbox.png */ = {isa = PBXFileReference; lastKnownFileType = image.png; path = empty_checkbox.png; sourceTree = "<group>"; };
		76A103A11899A7DD00283F67 /* checkbox_checked.png */ = {isa = PBXFileReference; lastKnownFileType = image.png; path = checkbox_checked.png; sourceTree = "<group>"; };
		76A103A31899ABDE00283F67 /* empty_checkbox_gray_border.png */ = {isa = PBXFileReference; lastKnownFileType = image.png; path = empty_checkbox_gray_border.png; sourceTree = "<group>"; };
		76A103A51899ABE500283F67 /* checkbox_checked_gray_border.png */ = {isa = PBXFileReference; lastKnownFileType = image.png; path = checkbox_checked_gray_border.png; sourceTree = "<group>"; };
		76A2BE3A187DBF7A0056CC22 /* ElementSubElementViewController.h */ = {isa = PBXFileReference; fileEncoding = 4; lastKnownFileType = sourcecode.c.h; path = ElementSubElementViewController.h; sourceTree = "<group>"; };
		76A2BE3B187DBF7A0056CC22 /* ElementSubElementViewController.m */ = {isa = PBXFileReference; fileEncoding = 4; lastKnownFileType = sourcecode.c.objc; lineEnding = 0; path = ElementSubElementViewController.m; sourceTree = "<group>"; xcLanguageSpecificationIdentifier = xcode.lang.objc; };
		76A567FE1886DF70000E32D3 /* verify_icon.png */ = {isa = PBXFileReference; lastKnownFileType = image.png; path = verify_icon.png; sourceTree = "<group>"; };
		76A568001886E0CC000E32D3 /* export_icon.png */ = {isa = PBXFileReference; lastKnownFileType = image.png; path = export_icon.png; sourceTree = "<group>"; };
		76A568021886E979000E32D3 /* notes_icon.png */ = {isa = PBXFileReference; lastKnownFileType = image.png; path = notes_icon.png; sourceTree = "<group>"; };
		76A568041886EA76000E32D3 /* verify_icon_gray.png */ = {isa = PBXFileReference; lastKnownFileType = image.png; path = verify_icon_gray.png; sourceTree = "<group>"; };
		76A568061886ED22000E32D3 /* mic_icon.png */ = {isa = PBXFileReference; lastKnownFileType = image.png; path = mic_icon.png; sourceTree = "<group>"; };
		76A568101886F33B000E32D3 /* thumbs_down_gray.png */ = {isa = PBXFileReference; lastKnownFileType = image.png; path = thumbs_down_gray.png; sourceTree = "<group>"; };
		76A568111886F33B000E32D3 /* thumbs_down.png */ = {isa = PBXFileReference; lastKnownFileType = image.png; path = thumbs_down.png; sourceTree = "<group>"; };
		76A568121886F33B000E32D3 /* thumbs_up_gray.png */ = {isa = PBXFileReference; lastKnownFileType = image.png; path = thumbs_up_gray.png; sourceTree = "<group>"; };
		76A568131886F33B000E32D3 /* thumbs_up.png */ = {isa = PBXFileReference; lastKnownFileType = image.png; path = thumbs_up.png; sourceTree = "<group>"; };
		76A568181886F62B000E32D3 /* camera_icon.png */ = {isa = PBXFileReference; lastKnownFileType = image.png; path = camera_icon.png; sourceTree = "<group>"; };
		76A5681C1886F803000E32D3 /* attachment_icon.png */ = {isa = PBXFileReference; lastKnownFileType = image.png; path = attachment_icon.png; sourceTree = "<group>"; };
		76A5681E1886FA24000E32D3 /* not_applicable_icon_gray.png */ = {isa = PBXFileReference; lastKnownFileType = image.png; path = not_applicable_icon_gray.png; sourceTree = "<group>"; };
		76A5681F1886FA24000E32D3 /* not_applicable_icon.png */ = {isa = PBXFileReference; lastKnownFileType = image.png; path = not_applicable_icon.png; sourceTree = "<group>"; };
		76A56822188723F6000E32D3 /* check_gray.png */ = {isa = PBXFileReference; lastKnownFileType = image.png; path = check_gray.png; sourceTree = "<group>"; };
		76A56823188723F6000E32D3 /* check.png */ = {isa = PBXFileReference; lastKnownFileType = image.png; path = check.png; sourceTree = "<group>"; };
		76A5682918873419000E32D3 /* ListOfCompletedViewController.h */ = {isa = PBXFileReference; fileEncoding = 4; lastKnownFileType = sourcecode.c.h; path = ListOfCompletedViewController.h; sourceTree = "<group>"; };
		76A5682A18873419000E32D3 /* ListOfCompletedViewController.m */ = {isa = PBXFileReference; fileEncoding = 4; lastKnownFileType = sourcecode.c.objc; path = ListOfCompletedViewController.m; sourceTree = "<group>"; };
		76A5682E18873E8F000E32D3 /* client_icon.png */ = {isa = PBXFileReference; lastKnownFileType = image.png; path = client_icon.png; sourceTree = "<group>"; };
		76A56837188746E4000E32D3 /* delete_icon.png */ = {isa = PBXFileReference; lastKnownFileType = image.png; path = delete_icon.png; sourceTree = "<group>"; };
		76A5683A18875A08000E32D3 /* CompletedChoicePopOver.h */ = {isa = PBXFileReference; fileEncoding = 4; lastKnownFileType = sourcecode.c.h; path = CompletedChoicePopOver.h; sourceTree = "<group>"; };
		76A5683B18875A08000E32D3 /* CompletedChoicePopOver.m */ = {isa = PBXFileReference; fileEncoding = 4; lastKnownFileType = sourcecode.c.objc; path = CompletedChoicePopOver.m; sourceTree = "<group>"; };
		76A721A6188061E200E34CFA /* DNV_GL_logo.png */ = {isa = PBXFileReference; lastKnownFileType = image.png; path = DNV_GL_logo.png; sourceTree = "<group>"; };
		76A7C9921889DC02004E4F39 /* DNVDatabaseManagerClass.h */ = {isa = PBXFileReference; fileEncoding = 4; lastKnownFileType = sourcecode.c.h; path = DNVDatabaseManagerClass.h; sourceTree = "<group>"; };
		76A7C9931889DC02004E4F39 /* DNVDatabaseManagerClass.m */ = {isa = PBXFileReference; fileEncoding = 4; lastKnownFileType = sourcecode.c.objc; lineEnding = 0; path = DNVDatabaseManagerClass.m; sourceTree = "<group>"; xcLanguageSpecificationIdentifier = xcode.lang.objc; };
		76A7C9951889DCCA004E4F39 /* libsqlite3.dylib */ = {isa = PBXFileReference; lastKnownFileType = "compiled.mach-o.dylib"; name = libsqlite3.dylib; path = usr/lib/libsqlite3.dylib; sourceTree = SDKROOT; };
		76A8AFF8187F0B00007531A9 /* ListOfWIPViewController.h */ = {isa = PBXFileReference; fileEncoding = 4; lastKnownFileType = sourcecode.c.h; path = ListOfWIPViewController.h; sourceTree = "<group>"; };
		76A8AFF9187F0B00007531A9 /* ListOfWIPViewController.m */ = {isa = PBXFileReference; fileEncoding = 4; lastKnownFileType = sourcecode.c.objc; path = ListOfWIPViewController.m; sourceTree = "<group>"; };
		76A8AFFF187F28AA007531A9 /* WIPChoicePopOver.h */ = {isa = PBXFileReference; fileEncoding = 4; lastKnownFileType = sourcecode.c.h; path = WIPChoicePopOver.h; sourceTree = "<group>"; };
		76A8B000187F28AA007531A9 /* WIPChoicePopOver.m */ = {isa = PBXFileReference; fileEncoding = 4; lastKnownFileType = sourcecode.c.objc; path = WIPChoicePopOver.m; sourceTree = "<group>"; };
		76AB3CAF187B17410019603F /* Client.h */ = {isa = PBXFileReference; fileEncoding = 4; lastKnownFileType = sourcecode.c.h; path = Client.h; sourceTree = "<group>"; };
		76AB3CB0187B17410019603F /* Client.m */ = {isa = PBXFileReference; fileEncoding = 4; lastKnownFileType = sourcecode.c.objc; path = Client.m; sourceTree = "<group>"; };
		76AB3CB2187B1FDA0019603F /* Audit.h */ = {isa = PBXFileReference; fileEncoding = 4; lastKnownFileType = sourcecode.c.h; lineEnding = 0; path = Audit.h; sourceTree = "<group>"; xcLanguageSpecificationIdentifier = xcode.lang.objcpp; };
		76AB3CB3187B1FDA0019603F /* Audit.m */ = {isa = PBXFileReference; fileEncoding = 4; lastKnownFileType = sourcecode.c.objc; lineEnding = 0; path = Audit.m; sourceTree = "<group>"; xcLanguageSpecificationIdentifier = xcode.lang.objc; };
		76AB3CB5187B20520019603F /* Report.h */ = {isa = PBXFileReference; fileEncoding = 4; lastKnownFileType = sourcecode.c.h; path = Report.h; sourceTree = "<group>"; };
		76AB3CB6187B20520019603F /* Report.m */ = {isa = PBXFileReference; fileEncoding = 4; lastKnownFileType = sourcecode.c.objc; path = Report.m; sourceTree = "<group>"; };
		76AB3CB8187B20C70019603F /* Elements.h */ = {isa = PBXFileReference; fileEncoding = 4; lastKnownFileType = sourcecode.c.h; lineEnding = 0; path = Elements.h; sourceTree = "<group>"; xcLanguageSpecificationIdentifier = xcode.lang.objcpp; };
		76AB3CB9187B20C70019603F /* Elements.m */ = {isa = PBXFileReference; fileEncoding = 4; lastKnownFileType = sourcecode.c.objc; lineEnding = 0; path = Elements.m; sourceTree = "<group>"; xcLanguageSpecificationIdentifier = xcode.lang.objc; };
		76AB3CBB187B212C0019603F /* SubElements.h */ = {isa = PBXFileReference; fileEncoding = 4; lastKnownFileType = sourcecode.c.h; lineEnding = 0; path = SubElements.h; sourceTree = "<group>"; xcLanguageSpecificationIdentifier = xcode.lang.objcpp; };
		76AB3CBC187B212C0019603F /* SubElements.m */ = {isa = PBXFileReference; fileEncoding = 4; lastKnownFileType = sourcecode.c.objc; lineEnding = 0; path = SubElements.m; sourceTree = "<group>"; xcLanguageSpecificationIdentifier = xcode.lang.objc; };
		76AB3CBE187B21700019603F /* Questions.h */ = {isa = PBXFileReference; fileEncoding = 4; lastKnownFileType = sourcecode.c.h; path = Questions.h; sourceTree = "<group>"; };
		76AB3CBF187B21700019603F /* Questions.m */ = {isa = PBXFileReference; fileEncoding = 4; lastKnownFileType = sourcecode.c.objc; path = Questions.m; sourceTree = "<group>"; };
		76AB3CC1187B22300019603F /* Answers.h */ = {isa = PBXFileReference; fileEncoding = 4; lastKnownFileType = sourcecode.c.h; path = Answers.h; sourceTree = "<group>"; };
		76AB3CC2187B22300019603F /* Answers.m */ = {isa = PBXFileReference; fileEncoding = 4; lastKnownFileType = sourcecode.c.objc; path = Answers.m; sourceTree = "<group>"; };
		76BF9C72187222DC00ACF6DB /* Security.framework */ = {isa = PBXFileReference; lastKnownFileType = wrapper.framework; name = Security.framework; path = System/Library/Frameworks/Security.framework; sourceTree = SDKROOT; };
		76BF9C74187222EF00ACF6DB /* QuartzCore.framework */ = {isa = PBXFileReference; lastKnownFileType = wrapper.framework; name = QuartzCore.framework; path = System/Library/Frameworks/QuartzCore.framework; sourceTree = SDKROOT; };
		76BF9C761872237200ACF6DB /* DropboxSDK.framework */ = {isa = PBXFileReference; lastKnownFileType = wrapper.framework; path = DropboxSDK.framework; sourceTree = "<group>"; };
		76D4A337187CE5F6007AB1A9 /* AuditSelectionViewController.h */ = {isa = PBXFileReference; fileEncoding = 4; lastKnownFileType = sourcecode.c.h; path = AuditSelectionViewController.h; sourceTree = "<group>"; };
		76D4A338187CE5F6007AB1A9 /* AuditSelectionViewController.m */ = {isa = PBXFileReference; fileEncoding = 4; lastKnownFileType = sourcecode.c.objc; path = AuditSelectionViewController.m; sourceTree = "<group>"; };
		76D96A39187B001300961260 /* LogInViewController.h */ = {isa = PBXFileReference; fileEncoding = 4; lastKnownFileType = sourcecode.c.h; path = LogInViewController.h; sourceTree = "<group>"; };
		76D96A3A187B001300961260 /* LogInViewController.m */ = {isa = PBXFileReference; fileEncoding = 4; lastKnownFileType = sourcecode.c.objc; path = LogInViewController.m; sourceTree = "<group>"; };
		76D96A3C187B07EA00961260 /* User.h */ = {isa = PBXFileReference; fileEncoding = 4; lastKnownFileType = sourcecode.c.h; path = User.h; sourceTree = "<group>"; };
		76D96A3D187B07EA00961260 /* User.m */ = {isa = PBXFileReference; fileEncoding = 4; lastKnownFileType = sourcecode.c.objc; path = User.m; sourceTree = "<group>"; };
		76D96A43187B585900961260 /* ClientViewController.h */ = {isa = PBXFileReference; fileEncoding = 4; lastKnownFileType = sourcecode.c.h; path = ClientViewController.h; sourceTree = "<group>"; };
		76D96A44187B585900961260 /* ClientViewController.m */ = {isa = PBXFileReference; fileEncoding = 4; lastKnownFileType = sourcecode.c.objc; path = ClientViewController.m; sourceTree = "<group>"; };
		76DBFA81187CAD6300F84282 /* MainWindowPopOver.h */ = {isa = PBXFileReference; fileEncoding = 4; lastKnownFileType = sourcecode.c.h; path = MainWindowPopOver.h; sourceTree = "<group>"; };
		76DBFA82187CAD6300F84282 /* MainWindowPopOver.m */ = {isa = PBXFileReference; fileEncoding = 4; lastKnownFileType = sourcecode.c.objc; path = MainWindowPopOver.m; sourceTree = "<group>"; };
		76DCB91F1889ACD700314C5D /* drawingBackGroundLines.png */ = {isa = PBXFileReference; lastKnownFileType = image.png; path = drawingBackGroundLines.png; sourceTree = "<group>"; };
		76E81F0B187B559000441F62 /* sampleAudit.json */ = {isa = PBXFileReference; fileEncoding = 4; lastKnownFileType = text.json; lineEnding = 0; path = sampleAudit.json; sourceTree = "<group>"; xcLanguageSpecificationIdentifier = xcode.lang.javascript; };
		76E81F12187C908100441F62 /* usersNOTDB.json */ = {isa = PBXFileReference; fileEncoding = 4; lastKnownFileType = text.json; path = usersNOTDB.json; sourceTree = "<group>"; };
		76E81F14187CBC0500441F62 /* users.json */ = {isa = PBXFileReference; fileEncoding = 4; lastKnownFileType = text.json; path = users.json; sourceTree = "<group>"; };
		76E81F16187DB92600441F62 /* Folder.h */ = {isa = PBXFileReference; fileEncoding = 4; lastKnownFileType = sourcecode.c.h; path = Folder.h; sourceTree = "<group>"; };
		76E81F17187DB92600441F62 /* Folder.m */ = {isa = PBXFileReference; fileEncoding = 4; lastKnownFileType = sourcecode.c.objc; path = Folder.m; sourceTree = "<group>"; };
		76E81F19187EE78C00441F62 /* QuestionsViewController.h */ = {isa = PBXFileReference; fileEncoding = 4; lastKnownFileType = sourcecode.c.h; path = QuestionsViewController.h; sourceTree = "<group>"; };
		76E81F1A187EE78C00441F62 /* QuestionsViewController.m */ = {isa = PBXFileReference; fileEncoding = 4; lastKnownFileType = sourcecode.c.objc; path = QuestionsViewController.m; sourceTree = "<group>"; };
		76E81F1C187F071C00441F62 /* AnswersViewController.h */ = {isa = PBXFileReference; fileEncoding = 4; lastKnownFileType = sourcecode.c.h; path = AnswersViewController.h; sourceTree = "<group>"; };
		76E81F1D187F071C00441F62 /* AnswersViewController.m */ = {isa = PBXFileReference; fileEncoding = 4; lastKnownFileType = sourcecode.c.objc; path = AnswersViewController.m; sourceTree = "<group>"; };
		76E81F3A18848C7F00441F62 /* helpTextViewController.h */ = {isa = PBXFileReference; fileEncoding = 4; lastKnownFileType = sourcecode.c.h; path = helpTextViewController.h; sourceTree = "<group>"; };
		76E81F3B18848C7F00441F62 /* helpTextViewController.m */ = {isa = PBXFileReference; fileEncoding = 4; lastKnownFileType = sourcecode.c.objc; path = helpTextViewController.m; sourceTree = "<group>"; };
		76E81F3D18849DB500441F62 /* NotesViewController.h */ = {isa = PBXFileReference; fileEncoding = 4; lastKnownFileType = sourcecode.c.h; name = NotesViewController.h; path = NotesViewController/NotesViewController.h; sourceTree = "<group>"; };
		76E81F3E18849DB500441F62 /* NotesViewController.m */ = {isa = PBXFileReference; fileEncoding = 4; lastKnownFileType = sourcecode.c.objc; name = NotesViewController.m; path = NotesViewController/NotesViewController.m; sourceTree = "<group>"; };
		76E81F4018859D5F00441F62 /* VoiceRecognizer.h */ = {isa = PBXFileReference; fileEncoding = 4; lastKnownFileType = sourcecode.c.h; path = VoiceRecognizer.h; sourceTree = "<group>"; };
		76E81F4118859D5F00441F62 /* VoiceRecognizer.m */ = {isa = PBXFileReference; fileEncoding = 4; lastKnownFileType = sourcecode.c.objc; path = VoiceRecognizer.m; sourceTree = "<group>"; };
		76E81F4318859E3B00441F62 /* AcousticModelEnglish.bundle */ = {isa = PBXFileReference; lastKnownFileType = "wrapper.plug-in"; path = AcousticModelEnglish.bundle; sourceTree = "<group>"; };
		76E81F4418859E3B00441F62 /* OpenEars.framework */ = {isa = PBXFileReference; lastKnownFileType = wrapper.framework; path = OpenEars.framework; sourceTree = "<group>"; };
		76E81F4518859E3B00441F62 /* Slt.framework */ = {isa = PBXFileReference; lastKnownFileType = wrapper.framework; path = Slt.framework; sourceTree = "<group>"; };
		76E81F4918859E7000441F62 /* AudioToolbox.framework */ = {isa = PBXFileReference; lastKnownFileType = wrapper.framework; name = AudioToolbox.framework; path = System/Library/Frameworks/AudioToolbox.framework; sourceTree = SDKROOT; };
		76E81F4B18859E7D00441F62 /* AVFoundation.framework */ = {isa = PBXFileReference; lastKnownFileType = wrapper.framework; name = AVFoundation.framework; path = System/Library/Frameworks/AVFoundation.framework; sourceTree = SDKROOT; };
		76E81F4D1885A61700441F62 /* DVNCorpusTxt.txt */ = {isa = PBXFileReference; fileEncoding = 4; lastKnownFileType = text; path = DVNCorpusTxt.txt; sourceTree = "<group>"; };
		76E81F571886D5ED00441F62 /* Help-100.png */ = {isa = PBXFileReference; lastKnownFileType = image.png; path = "Help-100.png"; sourceTree = "<group>"; };
		76E81F591886D8A400441F62 /* LoginHelpPopOverViewController.h */ = {isa = PBXFileReference; fileEncoding = 4; lastKnownFileType = sourcecode.c.h; path = LoginHelpPopOverViewController.h; sourceTree = "<group>"; };
		76E81F5A1886D8A400441F62 /* LoginHelpPopOverViewController.m */ = {isa = PBXFileReference; fileEncoding = 4; lastKnownFileType = sourcecode.c.objc; path = LoginHelpPopOverViewController.m; sourceTree = "<group>"; };
		76F1015B18888F88003555F2 /* calculator_icon.png */ = {isa = PBXFileReference; lastKnownFileType = image.png; path = calculator_icon.png; sourceTree = "<group>"; };
/* End PBXFileReference section */

/* Begin PBXFrameworksBuildPhase section */
		762797061871D53A00F22E73 /* Frameworks */ = {
			isa = PBXFrameworksBuildPhase;
			buildActionMask = 2147483647;
			files = (
				4AC04091188F0AF2006A2F3C /* libKLSwitch.a in Frameworks */,
				76A7C9961889DCCA004E4F39 /* libsqlite3.dylib in Frameworks */,
				76BF9C75187222EF00ACF6DB /* QuartzCore.framework in Frameworks */,
				76E81F4C18859E7D00441F62 /* AVFoundation.framework in Frameworks */,
				76E81F4A18859E7000441F62 /* AudioToolbox.framework in Frameworks */,
				76E81F4718859E3B00441F62 /* OpenEars.framework in Frameworks */,
				76BF9C771872237200ACF6DB /* DropboxSDK.framework in Frameworks */,
				76BF9C73187222DC00ACF6DB /* Security.framework in Frameworks */,
				76E81F4818859E3B00441F62 /* Slt.framework in Frameworks */,
				7627970F1871D53A00F22E73 /* CoreGraphics.framework in Frameworks */,
				762797111871D53A00F22E73 /* UIKit.framework in Frameworks */,
				7627970D1871D53A00F22E73 /* Foundation.framework in Frameworks */,
			);
			runOnlyForDeploymentPostprocessing = 0;
		};
		762797271871D53A00F22E73 /* Frameworks */ = {
			isa = PBXFrameworksBuildPhase;
			buildActionMask = 2147483647;
			files = (
				7627972C1871D53A00F22E73 /* XCTest.framework in Frameworks */,
				7627972E1871D53A00F22E73 /* UIKit.framework in Frameworks */,
				7627972D1871D53A00F22E73 /* Foundation.framework in Frameworks */,
			);
			runOnlyForDeploymentPostprocessing = 0;
		};
/* End PBXFrameworksBuildPhase section */

/* Begin PBXGroup section */
		4AC04087188F0AD4006A2F3C /* Products */ = {
			isa = PBXGroup;
			children = (
				4AC0408C188F0AD5006A2F3C /* libKLSwitch.a */,
				4AC0408E188F0AD5006A2F3C /* KLSwitchTests.octest */,
			);
			name = Products;
			sourceTree = "<group>";
		};
		76007D801886F58600FA7A39 /* App Icons */ = {
			isa = PBXGroup;
			children = (
				76007DAF1886FDE800FA7A39 /* dnvlogo76.png */,
				76007DB01886FDE800FA7A39 /* dvnlogo152.png */,
			);
			path = "App Icons";
			sourceTree = "<group>";
		};
		7627431418898D4200873E9F /* NotesViewController */ = {
			isa = PBXGroup;
			children = (
				7627431118898D3900873E9F /* DrawingViewController.h */,
				7627431218898D3900873E9F /* DrawingViewController.m */,
				76E81F3D18849DB500441F62 /* NotesViewController.h */,
				76E81F3E18849DB500441F62 /* NotesViewController.m */,
				76E81F4018859D5F00441F62 /* VoiceRecognizer.h */,
				76E81F4118859D5F00441F62 /* VoiceRecognizer.m */,
			);
			name = NotesViewController;
			sourceTree = "<group>";
		};
		762797001871D53A00F22E73 = {
			isa = PBXGroup;
			children = (
				4AC04086188F0AD4006A2F3C /* KLSwitch.xcodeproj */,
				76BF9C761872237200ACF6DB /* DropboxSDK.framework */,
				762797121871D53A00F22E73 /* DNV */,
				762797311871D53A00F22E73 /* DNVTests */,
				7627970B1871D53A00F22E73 /* Frameworks */,
				7627970A1871D53A00F22E73 /* Products */,
			);
			sourceTree = "<group>";
		};
		7627970A1871D53A00F22E73 /* Products */ = {
			isa = PBXGroup;
			children = (
				762797091871D53A00F22E73 /* DNV.app */,
				7627972A1871D53A00F22E73 /* DNVTests.xctest */,
			);
			name = Products;
			sourceTree = "<group>";
		};
		7627970B1871D53A00F22E73 /* Frameworks */ = {
			isa = PBXGroup;
			children = (
				768D56591890634600175EB4 /* Core */,
				76A7C9951889DCCA004E4F39 /* libsqlite3.dylib */,
				76E81F4B18859E7D00441F62 /* AVFoundation.framework */,
				76E81F4918859E7000441F62 /* AudioToolbox.framework */,
				76E81F4318859E3B00441F62 /* AcousticModelEnglish.bundle */,
				76E81F4418859E3B00441F62 /* OpenEars.framework */,
				76E81F4518859E3B00441F62 /* Slt.framework */,
				76BF9C761872237200ACF6DB /* DropboxSDK.framework */,
				76BF9C74187222EF00ACF6DB /* QuartzCore.framework */,
				76BF9C72187222DC00ACF6DB /* Security.framework */,
				7627970C1871D53A00F22E73 /* Foundation.framework */,
				7627970E1871D53A00F22E73 /* CoreGraphics.framework */,
				762797101871D53A00F22E73 /* UIKit.framework */,
				7627972B1871D53A00F22E73 /* XCTest.framework */,
			);
			name = Frameworks;
			sourceTree = "<group>";
		};
		762797121871D53A00F22E73 /* DNV */ = {
			isa = PBXGroup;
			children = (
				7627971E1871D53A00F22E73 /* Main.storyboard */,
				7627971B1871D53A00F22E73 /* AppDelegate.h */,
				7627971C1871D53A00F22E73 /* AppDelegate.m */,
				76A7C9901889DBB6004E4F39 /* DNV Database Manager */,
				76AB3CAE187B16920019603F /* ClassObjects */,
				76D4A33A187CE832007AB1A9 /* Images */,
				76D96A41187B580900961260 /* LogInViewController */,
				76D96A42187B582000961260 /* ClientViewController */,
				76D4A336187CE59C007AB1A9 /* AuditSelectionViewController */,
				76A2BE39187DBC5A0056CC22 /* ElementSubElementViewController */,
				76A8AFF5187EFF13007531A9 /* QuestionsViewController */,
				76E81F1F187F0B4300441F62 /* AnswersViewController */,
				76A8AFF7187F0A66007531A9 /* ListOfWIPViewController */,
				76A0DFBA18847B480038FD61 /* WIPAuditFilesViewController */,
				769D3CE31885808D002DF3B8 /* VerifyQuestionsViewController */,
				769D3CE7188599A6002DF3B8 /* ImportMergeViewController */,
				76A56827188733BE000E32D3 /* ListOfCompletedViewController */,
				76A1039918999D7D00283F67 /* EditClientViewController */,
				768D564B188F0FA300175EB4 /* Reporting */,
				762797241871D53A00F22E73 /* Images.xcassets */,
				762797131871D53A00F22E73 /* Supporting Files */,
			);
			path = DNV;
			sourceTree = "<group>";
		};
		762797131871D53A00F22E73 /* Supporting Files */ = {
			isa = PBXGroup;
			children = (
				768D5652188F18CC00175EB4 /* sampleCompletedAudit.json */,
				76E81F4D1885A61700441F62 /* DVNCorpusTxt.txt */,
				76E81F12187C908100441F62 /* usersNOTDB.json */,
				76E81F14187CBC0500441F62 /* users.json */,
				76E81F0B187B559000441F62 /* sampleAudit.json */,
				762797141871D53A00F22E73 /* DNV-Info.plist */,
				762797151871D53A00F22E73 /* InfoPlist.strings */,
				762797181871D53A00F22E73 /* main.m */,
				7627971A1871D53A00F22E73 /* DNV-Prefix.pch */,
			);
			name = "Supporting Files";
			sourceTree = "<group>";
		};
		762797311871D53A00F22E73 /* DNVTests */ = {
			isa = PBXGroup;
			children = (
				762797371871D53A00F22E73 /* DNVTests.m */,
				762797321871D53A00F22E73 /* Supporting Files */,
			);
			path = DNVTests;
			sourceTree = "<group>";
		};
		762797321871D53A00F22E73 /* Supporting Files */ = {
			isa = PBXGroup;
			children = (
				762797331871D53A00F22E73 /* DNVTests-Info.plist */,
				762797341871D53A00F22E73 /* InfoPlist.strings */,
			);
			name = "Supporting Files";
			sourceTree = "<group>";
		};
		768D564B188F0FA300175EB4 /* Reporting */ = {
			isa = PBXGroup;
			children = (
				768D567D1891A8F100175EB4 /* Report Summary and Graph */,
				768D567E1891ABD400175EB4 /* ReportPagesViewController.h */,
				768D567F1891ABD400175EB4 /* ReportPagesViewController.m */,
				768D566E18915C5200175EB4 /* TitleViewController.h */,
				768D566F18915C5200175EB4 /* TitleViewController.m */,
				768D567118915FFD00175EB4 /* ReportDetailsViewController.h */,
				768D567218915FFD00175EB4 /* ReportDetailsViewController.m */,
				768D5674189165C600175EB4 /* ExecutiveSummaryViewController.h */,
				768D5675189165C600175EB4 /* ExecutiveSummaryViewController.m */,
				768D5677189167C900175EB4 /* TableofContentsViewController.h */,
				768D5678189167C900175EB4 /* TableofContentsViewController.m */,
				768D567A18916A6300175EB4 /* ConclusionViewController.h */,
				768D567B18916A6300175EB4 /* ConclusionViewController.m */,
				768D56CB1892CE2600175EB4 /* KeySuggestionsViewController.h */,
				768D56CC1892CE2600175EB4 /* KeySuggestionsViewController.m */,
				768D56CE1892CFBD00175EB4 /* KeySuggesstionCell.h */,
				768D56CF1892CFBD00175EB4 /* KeySuggesstionCell.m */,
				768D56D2189314A900175EB4 /* ScoringAssumptionsViewController.h */,
				768D56D3189314A900175EB4 /* ScoringAssumptionsViewController.m */,
				768D56D6189317C300175EB4 /* ElementSubelementProfilesViewController.h */,
				768D56D7189317C300175EB4 /* ElementSubelementProfilesViewController.m */,
				768D56D918932BD100175EB4 /* ProfileLabelCell.h */,
				768D56DA18932BD100175EB4 /* ProfileLabelCell.m */,
				768D56541890145500175EB4 /* ReportDocViewController.h */,
				768D56551890145500175EB4 /* ReportDocViewController.m */,
			);
			name = Reporting;
			sourceTree = "<group>";
		};
		768D56591890634600175EB4 /* Core */ = {
			isa = PBXGroup;
			children = (
				768D565A1890634600175EB4 /* ECCommon.h */,
				768D565B1890634600175EB4 /* ECCommon.m */,
				768D565C1890634600175EB4 /* ECGraph */,
			);
			path = Core;
			sourceTree = "<group>";
		};
		768D565C1890634600175EB4 /* ECGraph */ = {
			isa = PBXGroup;
			children = (
				768D565D1890634600175EB4 /* ECGraph.h */,
				768D565E1890634600175EB4 /* ECGraph.m */,
				768D565F1890634600175EB4 /* ECGraphItem.h */,
				768D56601890634600175EB4 /* ECGraphItem.m */,
				768D56611890634600175EB4 /* ECGraphLine.h */,
				768D56621890634600175EB4 /* ECGraphLine.m */,
				768D56631890634600175EB4 /* ECGraphPoint.h */,
				768D56641890634600175EB4 /* ECGraphPoint.m */,
			);
			path = ECGraph;
			sourceTree = "<group>";
		};
		768D567D1891A8F100175EB4 /* Report Summary and Graph */ = {
			isa = PBXGroup;
			children = (
				768D564C188F0FD300175EB4 /* SummaryOfRatingsViewController.h */,
				768D564D188F0FD300175EB4 /* SummaryOfRatingsViewController.m */,
				768D564F188F0FF500175EB4 /* ElementRatingsCell.h */,
				768D5650188F0FF500175EB4 /* ElementRatingsCell.m */,
				768D566B1890678600175EB4 /* GraphView.h */,
				768D566C1890678600175EB4 /* GraphView.m */,
			);
			name = "Report Summary and Graph";
			sourceTree = "<group>";
		};
		769D3CE31885808D002DF3B8 /* VerifyQuestionsViewController */ = {
			isa = PBXGroup;
			children = (
				769D3CE4188580C5002DF3B8 /* VerifyQuestionsViewController.h */,
				769D3CE5188580C5002DF3B8 /* VerifyQuestionsViewController.m */,
			);
			name = VerifyQuestionsViewController;
			sourceTree = "<group>";
		};
		769D3CE7188599A6002DF3B8 /* ImportMergeViewController */ = {
			isa = PBXGroup;
			children = (
				769D3CE81885A763002DF3B8 /* ImportMergeViewController.h */,
				769D3CE91885A763002DF3B8 /* ImportMergeViewController.m */,
			);
			name = ImportMergeViewController;
			sourceTree = "<group>";
		};
		769D3CF11885FA03002DF3B8 /* Audit Choice Buttons */ = {
			isa = PBXGroup;
			children = (
				769D3CEB1885F9FC002DF3B8 /* completed_checklist_icon.png */,
				769D3CEC1885F9FC002DF3B8 /* wip_checklist_icon.png */,
				769D3CED1885F9FC002DF3B8 /* new_checklist_icon.png */,
			);
			name = "Audit Choice Buttons";
			sourceTree = "<group>";
		};
		769D3CFC18862CA6002DF3B8 /* WIP Option Buttons */ = {
			isa = PBXGroup;
			children = (
				76A568001886E0CC000E32D3 /* export_icon.png */,
				76A567FE1886DF70000E32D3 /* verify_icon.png */,
				769D3D0318863436002DF3B8 /* import_icon.png */,
			);
			name = "WIP Option Buttons";
			sourceTree = "<group>";
		};
		76A0DFBA18847B480038FD61 /* WIPAuditFilesViewController */ = {
			isa = PBXGroup;
			children = (
				76A0DFBB18847B880038FD61 /* WIPAuditFilesViewController.h */,
				76A0DFBC18847B880038FD61 /* WIPAuditFilesViewController.m */,
				76A8AFFB187F12F8007531A9 /* WIPChoicePopOver */,
			);
			name = WIPAuditFilesViewController;
			sourceTree = "<group>";
		};
		76A0DFC4188504640038FD61 /* Dashboard Icons */ = {
			isa = PBXGroup;
			children = (
				76DCB91F1889ACD700314C5D /* drawingBackGroundLines.png */,
				76F1015B18888F88003555F2 /* calculator_icon.png */,
				76A5681E1886FA24000E32D3 /* not_applicable_icon_gray.png */,
				76A5681F1886FA24000E32D3 /* not_applicable_icon.png */,
				76A5681C1886F803000E32D3 /* attachment_icon.png */,
				76A568181886F62B000E32D3 /* camera_icon.png */,
				76A568101886F33B000E32D3 /* thumbs_down_gray.png */,
				76A568111886F33B000E32D3 /* thumbs_down.png */,
				76A568121886F33B000E32D3 /* thumbs_up_gray.png */,
				76A568131886F33B000E32D3 /* thumbs_up.png */,
				76A568061886ED22000E32D3 /* mic_icon.png */,
				76E81F571886D5ED00441F62 /* Help-100.png */,
				76A568041886EA76000E32D3 /* verify_icon_gray.png */,
				76A568021886E979000E32D3 /* notes_icon.png */,
			);
			name = "Dashboard Icons";
			sourceTree = "<group>";
		};
		76A0DFC5188504F70038FD61 /* Audit Icons */ = {
			isa = PBXGroup;
			children = (
				769D3CF418860C2B002DF3B8 /* flatFolderIcon2.png */,
			);
			name = "Audit Icons";
			sourceTree = "<group>";
		};
		76A1039918999D7D00283F67 /* EditClientViewController */ = {
			isa = PBXGroup;
			children = (
				76A1039B1899A08300283F67 /* EditClientViewController.h */,
				76A1039C1899A08300283F67 /* EditClientViewController.m */,
			);
			name = EditClientViewController;
			sourceTree = "<group>";
		};
		76A1039E1899A7A700283F67 /* Edit Client Button */ = {
			isa = PBXGroup;
			children = (
				76A103A51899ABE500283F67 /* checkbox_checked_gray_border.png */,
				76A103A31899ABDE00283F67 /* empty_checkbox_gray_border.png */,
				76A103A11899A7DD00283F67 /* checkbox_checked.png */,
				76A1039F1899A7D300283F67 /* empty_checkbox.png */,
			);
			name = "Edit Client Button";
			sourceTree = "<group>";
		};
		76A2BE39187DBC5A0056CC22 /* ElementSubElementViewController */ = {
			isa = PBXGroup;
			children = (
				76A2BE3A187DBF7A0056CC22 /* ElementSubElementViewController.h */,
				76A2BE3B187DBF7A0056CC22 /* ElementSubElementViewController.m */,
				76007DBB18872BFC00FA7A39 /* SubElementCell.h */,
				76007DBC18872BFC00FA7A39 /* SubElementCell.m */,
			);
			name = ElementSubElementViewController;
			sourceTree = "<group>";
		};
		76A568261887240B000E32D3 /* Tableview Icons */ = {
			isa = PBXGroup;
			children = (
				76007DB918872AE900FA7A39 /* checkmark.png */,
				76A56822188723F6000E32D3 /* check_gray.png */,
				76A56823188723F6000E32D3 /* check.png */,
			);
			name = "Tableview Icons";
			sourceTree = "<group>";
		};
		76A56827188733BE000E32D3 /* ListOfCompletedViewController */ = {
			isa = PBXGroup;
			children = (
				76A5682918873419000E32D3 /* ListOfCompletedViewController.h */,
				76A5682A18873419000E32D3 /* ListOfCompletedViewController.m */,
				76A56839188759A6000E32D3 /* CompletedChoicePopOver */,
			);
			name = ListOfCompletedViewController;
			sourceTree = "<group>";
		};
		76A5683018873F12000E32D3 /* Completed Option Buttons */ = {
			isa = PBXGroup;
			children = (
				76A56837188746E4000E32D3 /* delete_icon.png */,
				76A5682E18873E8F000E32D3 /* client_icon.png */,
			);
			name = "Completed Option Buttons";
			sourceTree = "<group>";
		};
		76A56839188759A6000E32D3 /* CompletedChoicePopOver */ = {
			isa = PBXGroup;
			children = (
				76A5683A18875A08000E32D3 /* CompletedChoicePopOver.h */,
				76A5683B18875A08000E32D3 /* CompletedChoicePopOver.m */,
			);
			name = CompletedChoicePopOver;
			sourceTree = "<group>";
		};
		76A7C9901889DBB6004E4F39 /* DNV Database Manager */ = {
			isa = PBXGroup;
			children = (
				76A7C9921889DC02004E4F39 /* DNVDatabaseManagerClass.h */,
				76A7C9931889DC02004E4F39 /* DNVDatabaseManagerClass.m */,
			);
			name = "DNV Database Manager";
			sourceTree = "<group>";
		};
		76A8AFF5187EFF13007531A9 /* QuestionsViewController */ = {
			isa = PBXGroup;
			children = (
				76E81F19187EE78C00441F62 /* QuestionsViewController.h */,
				76E81F1A187EE78C00441F62 /* QuestionsViewController.m */,
				76007DB6188725CF00FA7A39 /* QuestionCell.h */,
				76007DB7188725CF00FA7A39 /* QuestionCell.m */,
			);
			name = QuestionsViewController;
			sourceTree = "<group>";
		};
		76A8AFF7187F0A66007531A9 /* ListOfWIPViewController */ = {
			isa = PBXGroup;
			children = (
				76A8AFF8187F0B00007531A9 /* ListOfWIPViewController.h */,
				76A8AFF9187F0B00007531A9 /* ListOfWIPViewController.m */,
			);
			name = ListOfWIPViewController;
			sourceTree = "<group>";
		};
		76A8AFFB187F12F8007531A9 /* WIPChoicePopOver */ = {
			isa = PBXGroup;
			children = (
				76A8AFFF187F28AA007531A9 /* WIPChoicePopOver.h */,
				76A8B000187F28AA007531A9 /* WIPChoicePopOver.m */,
			);
			name = WIPChoicePopOver;
			sourceTree = "<group>";
		};
		76AB3CAE187B16920019603F /* ClassObjects */ = {
			isa = PBXGroup;
			children = (
				76D96A3C187B07EA00961260 /* User.h */,
				76D96A3D187B07EA00961260 /* User.m */,
				76AB3CAF187B17410019603F /* Client.h */,
				76AB3CB0187B17410019603F /* Client.m */,
				76AB3CB5187B20520019603F /* Report.h */,
				76AB3CB6187B20520019603F /* Report.m */,
				76AB3CB2187B1FDA0019603F /* Audit.h */,
				76AB3CB3187B1FDA0019603F /* Audit.m */,
				76AB3CB8187B20C70019603F /* Elements.h */,
				76AB3CB9187B20C70019603F /* Elements.m */,
				76AB3CBB187B212C0019603F /* SubElements.h */,
				76AB3CBC187B212C0019603F /* SubElements.m */,
				76AB3CBE187B21700019603F /* Questions.h */,
				76AB3CBF187B21700019603F /* Questions.m */,
				76AB3CC1187B22300019603F /* Answers.h */,
				76AB3CC2187B22300019603F /* Answers.m */,
				76E81F16187DB92600441F62 /* Folder.h */,
				76E81F17187DB92600441F62 /* Folder.m */,
				4AC04092188F71C4006A2F3C /* MergeClass.h */,
				4AC04093188F71C4006A2F3C /* MergeClass.m */,
			);
			name = ClassObjects;
			sourceTree = "<group>";
		};
		76D4A336187CE59C007AB1A9 /* AuditSelectionViewController */ = {
			isa = PBXGroup;
			children = (
				76D4A337187CE5F6007AB1A9 /* AuditSelectionViewController.h */,
				76D4A338187CE5F6007AB1A9 /* AuditSelectionViewController.m */,
			);
			name = AuditSelectionViewController;
			sourceTree = "<group>";
		};
		76D4A33A187CE832007AB1A9 /* Images */ = {
			isa = PBXGroup;
			children = (
				76A721A6188061E200E34CFA /* DNV_GL_logo.png */,
				76007D801886F58600FA7A39 /* App Icons */,
				76A0DFC5188504F70038FD61 /* Audit Icons */,
				769D3CF11885FA03002DF3B8 /* Audit Choice Buttons */,
				769D3CFC18862CA6002DF3B8 /* WIP Option Buttons */,
				76A5683018873F12000E32D3 /* Completed Option Buttons */,
				76A568261887240B000E32D3 /* Tableview Icons */,
				76A0DFC4188504640038FD61 /* Dashboard Icons */,
				76A1039E1899A7A700283F67 /* Edit Client Button */,
			);
			name = Images;
			sourceTree = "<group>";
		};
		76D96A41187B580900961260 /* LogInViewController */ = {
			isa = PBXGroup;
			children = (
				76D96A39187B001300961260 /* LogInViewController.h */,
				76D96A3A187B001300961260 /* LogInViewController.m */,
				76E81F591886D8A400441F62 /* LoginHelpPopOverViewController.h */,
				76E81F5A1886D8A400441F62 /* LoginHelpPopOverViewController.m */,
			);
			name = LogInViewController;
			sourceTree = "<group>";
		};
		76D96A42187B582000961260 /* ClientViewController */ = {
			isa = PBXGroup;
			children = (
				76D96A43187B585900961260 /* ClientViewController.h */,
				76D96A44187B585900961260 /* ClientViewController.m */,
				76DBFA80187C9BFD00F84282 /* MainWindowPopOver */,
			);
			name = ClientViewController;
			sourceTree = "<group>";
		};
		76DBFA80187C9BFD00F84282 /* MainWindowPopOver */ = {
			isa = PBXGroup;
			children = (
				76DBFA81187CAD6300F84282 /* MainWindowPopOver.h */,
				76DBFA82187CAD6300F84282 /* MainWindowPopOver.m */,
			);
			name = MainWindowPopOver;
			sourceTree = "<group>";
		};
		76E81F1F187F0B4300441F62 /* AnswersViewController */ = {
			isa = PBXGroup;
			children = (
				7627431418898D4200873E9F /* NotesViewController */,
				76E81F1C187F071C00441F62 /* AnswersViewController.h */,
				76E81F1D187F071C00441F62 /* AnswersViewController.m */,
				76E81F3A18848C7F00441F62 /* helpTextViewController.h */,
				76E81F3B18848C7F00441F62 /* helpTextViewController.m */,
				7627430E18897BB500873E9F /* CalculatorViewController.h */,
				7627430F18897BB500873E9F /* CalculatorViewController.m */,
			);
			name = AnswersViewController;
			sourceTree = "<group>";
		};
/* End PBXGroup section */

/* Begin PBXNativeTarget section */
		762797081871D53A00F22E73 /* DNV */ = {
			isa = PBXNativeTarget;
			buildConfigurationList = 7627973B1871D53A00F22E73 /* Build configuration list for PBXNativeTarget "DNV" */;
			buildPhases = (
				762797051871D53A00F22E73 /* Sources */,
				762797061871D53A00F22E73 /* Frameworks */,
				762797071871D53A00F22E73 /* Resources */,
			);
			buildRules = (
			);
			dependencies = (
				4AC04090188F0AE7006A2F3C /* PBXTargetDependency */,
			);
			name = DNV;
			productName = DNV;
			productReference = 762797091871D53A00F22E73 /* DNV.app */;
			productType = "com.apple.product-type.application";
		};
		762797291871D53A00F22E73 /* DNVTests */ = {
			isa = PBXNativeTarget;
			buildConfigurationList = 7627973E1871D53A00F22E73 /* Build configuration list for PBXNativeTarget "DNVTests" */;
			buildPhases = (
				762797261871D53A00F22E73 /* Sources */,
				762797271871D53A00F22E73 /* Frameworks */,
				762797281871D53A00F22E73 /* Resources */,
			);
			buildRules = (
			);
			dependencies = (
				762797301871D53A00F22E73 /* PBXTargetDependency */,
			);
			name = DNVTests;
			productName = DNVTests;
			productReference = 7627972A1871D53A00F22E73 /* DNVTests.xctest */;
			productType = "com.apple.product-type.bundle.unit-test";
		};
/* End PBXNativeTarget section */

/* Begin PBXProject section */
		762797011871D53A00F22E73 /* Project object */ = {
			isa = PBXProject;
			attributes = {
				LastUpgradeCheck = 0500;
				ORGANIZATIONNAME = USI;
				TargetAttributes = {
					762797081871D53A00F22E73 = {
						DevelopmentTeam = VHCJASJ46H;
					};
					762797291871D53A00F22E73 = {
						TestTargetID = 762797081871D53A00F22E73;
					};
				};
			};
			buildConfigurationList = 762797041871D53A00F22E73 /* Build configuration list for PBXProject "DNV" */;
			compatibilityVersion = "Xcode 3.2";
			developmentRegion = English;
			hasScannedForEncodings = 0;
			knownRegions = (
				en,
				Base,
			);
			mainGroup = 762797001871D53A00F22E73;
			productRefGroup = 7627970A1871D53A00F22E73 /* Products */;
			projectDirPath = "";
			projectReferences = (
				{
					ProductGroup = 4AC04087188F0AD4006A2F3C /* Products */;
					ProjectRef = 4AC04086188F0AD4006A2F3C /* KLSwitch.xcodeproj */;
				},
			);
			projectRoot = "";
			targets = (
				762797081871D53A00F22E73 /* DNV */,
				762797291871D53A00F22E73 /* DNVTests */,
			);
		};
/* End PBXProject section */

/* Begin PBXReferenceProxy section */
		4AC0408C188F0AD5006A2F3C /* libKLSwitch.a */ = {
			isa = PBXReferenceProxy;
			fileType = archive.ar;
			path = libKLSwitch.a;
			remoteRef = 4AC0408B188F0AD5006A2F3C /* PBXContainerItemProxy */;
			sourceTree = BUILT_PRODUCTS_DIR;
		};
		4AC0408E188F0AD5006A2F3C /* KLSwitchTests.octest */ = {
			isa = PBXReferenceProxy;
			fileType = wrapper.cfbundle;
			path = KLSwitchTests.octest;
			remoteRef = 4AC0408D188F0AD5006A2F3C /* PBXContainerItemProxy */;
			sourceTree = BUILT_PRODUCTS_DIR;
		};
/* End PBXReferenceProxy section */

/* Begin PBXResourcesBuildPhase section */
		762797071871D53A00F22E73 /* Resources */ = {
			isa = PBXResourcesBuildPhase;
			buildActionMask = 2147483647;
			files = (
				769D3CF01885F9FC002DF3B8 /* new_checklist_icon.png in Resources */,
				76A567FF1886DF70000E32D3 /* verify_icon.png in Resources */,
				76A568201886FA24000E32D3 /* not_applicable_icon_gray.png in Resources */,
				76007DB11886FDE800FA7A39 /* dnvlogo76.png in Resources */,
				76F1015C18888F88003555F2 /* calculator_icon.png in Resources */,
				76A103A41899ABDE00283F67 /* empty_checkbox_gray_border.png in Resources */,
				76E81F4618859E3B00441F62 /* AcousticModelEnglish.bundle in Resources */,
				769D3D0418863436002DF3B8 /* import_icon.png in Resources */,
				76E81F13187C908100441F62 /* usersNOTDB.json in Resources */,
				76A103A01899A7D300283F67 /* empty_checkbox.png in Resources */,
				76A568071886ED22000E32D3 /* mic_icon.png in Resources */,
				76E81F581886D5ED00441F62 /* Help-100.png in Resources */,
				76A568031886E979000E32D3 /* notes_icon.png in Resources */,
				76A103A21899A7DD00283F67 /* checkbox_checked.png in Resources */,
				768D5653188F18CC00175EB4 /* sampleCompletedAudit.json in Resources */,
				76A56824188723F6000E32D3 /* check_gray.png in Resources */,
				76A568211886FA24000E32D3 /* not_applicable_icon.png in Resources */,
				769D3CEE1885F9FC002DF3B8 /* completed_checklist_icon.png in Resources */,
				762797251871D53A00F22E73 /* Images.xcassets in Resources */,
				769D3CEF1885F9FC002DF3B8 /* wip_checklist_icon.png in Resources */,
				762797171871D53A00F22E73 /* InfoPlist.strings in Resources */,
				76A568151886F33B000E32D3 /* thumbs_down.png in Resources */,
				76A103A61899ABE500283F67 /* checkbox_checked_gray_border.png in Resources */,
				76A721A7188061E200E34CFA /* DNV_GL_logo.png in Resources */,
				76A568051886EA76000E32D3 /* verify_icon_gray.png in Resources */,
				76A568141886F33B000E32D3 /* thumbs_down_gray.png in Resources */,
				76E81F0C187B559000441F62 /* sampleAudit.json in Resources */,
				76A568191886F62B000E32D3 /* camera_icon.png in Resources */,
				76A568011886E0CC000E32D3 /* export_icon.png in Resources */,
				769D3CF518860C2B002DF3B8 /* flatFolderIcon2.png in Resources */,
				76DCB9201889ACD700314C5D /* drawingBackGroundLines.png in Resources */,
				76A568171886F33B000E32D3 /* thumbs_up.png in Resources */,
				76007DB21886FDE800FA7A39 /* dvnlogo152.png in Resources */,
				76A56825188723F6000E32D3 /* check.png in Resources */,
				76E81F15187CBC0500441F62 /* users.json in Resources */,
				76E81F4E1885A61700441F62 /* DVNCorpusTxt.txt in Resources */,
				76A5682F18873E8F000E32D3 /* client_icon.png in Resources */,
				76A5681D1886F803000E32D3 /* attachment_icon.png in Resources */,
				762797201871D53A00F22E73 /* Main.storyboard in Resources */,
				76A568161886F33B000E32D3 /* thumbs_up_gray.png in Resources */,
				76A56838188746E4000E32D3 /* delete_icon.png in Resources */,
				7627430B1888508B00873E9F /* checkmark.png in Resources */,
			);
			runOnlyForDeploymentPostprocessing = 0;
		};
		762797281871D53A00F22E73 /* Resources */ = {
			isa = PBXResourcesBuildPhase;
			buildActionMask = 2147483647;
			files = (
				762797361871D53A00F22E73 /* InfoPlist.strings in Resources */,
				76E81F0D187B559000441F62 /* sampleAudit.json in Resources */,
			);
			runOnlyForDeploymentPostprocessing = 0;
		};
/* End PBXResourcesBuildPhase section */

/* Begin PBXSourcesBuildPhase section */
		762797051871D53A00F22E73 /* Sources */ = {
			isa = PBXSourcesBuildPhase;
			buildActionMask = 2147483647;
			files = (
				76007E261888317400FA7A39 /* QuestionCell.m in Sources */,
				76D96A3B187B001300961260 /* LogInViewController.m in Sources */,
				4AC04094188F71C4006A2F3C /* MergeClass.m in Sources */,
				768D566D1890678600175EB4 /* GraphView.m in Sources */,
				76A7C9941889DC02004E4F39 /* DNVDatabaseManagerClass.m in Sources */,
				768D56CD1892CE2600175EB4 /* KeySuggestionsViewController.m in Sources */,
				76E81F18187DB92600441F62 /* Folder.m in Sources */,
				76AB3CB4187B1FDA0019603F /* Audit.m in Sources */,
				768D5651188F0FF500175EB4 /* ElementRatingsCell.m in Sources */,
				76AB3CC3187B22300019603F /* Answers.m in Sources */,
				76D4A339187CE5F6007AB1A9 /* AuditSelectionViewController.m in Sources */,
				768D56D4189314A900175EB4 /* ScoringAssumptionsViewController.m in Sources */,
				76E81F1B187EE78C00441F62 /* QuestionsViewController.m in Sources */,
				768D5676189165C600175EB4 /* ExecutiveSummaryViewController.m in Sources */,
				769D3CE6188580C5002DF3B8 /* VerifyQuestionsViewController.m in Sources */,
				768D56671890634600175EB4 /* ECGraphItem.m in Sources */,
				768D56D01892CFBD00175EB4 /* KeySuggesstionCell.m in Sources */,
				76A1039D1899A08300283F67 /* EditClientViewController.m in Sources */,
				768D56691890634600175EB4 /* ECGraphPoint.m in Sources */,
				76A5682B18873419000E32D3 /* ListOfCompletedViewController.m in Sources */,
				76A5683C18875A08000E32D3 /* CompletedChoicePopOver.m in Sources */,
				76AB3CB1187B17410019603F /* Client.m in Sources */,
				76A8AFFA187F0B00007531A9 /* ListOfWIPViewController.m in Sources */,
				7627971D1871D53A00F22E73 /* AppDelegate.m in Sources */,
				76E81F3C18848C7F00441F62 /* helpTextViewController.m in Sources */,
				768D56801891ABD400175EB4 /* ReportPagesViewController.m in Sources */,
				76E81F3F18849DB500441F62 /* NotesViewController.m in Sources */,
				76D96A45187B585900961260 /* ClientViewController.m in Sources */,
				768D567018915C5200175EB4 /* TitleViewController.m in Sources */,
				76007DBD18872BFC00FA7A39 /* SubElementCell.m in Sources */,
				76A8B001187F28AA007531A9 /* WIPChoicePopOver.m in Sources */,
				768D564E188F0FD300175EB4 /* SummaryOfRatingsViewController.m in Sources */,
				768D56DB18932BD100175EB4 /* ProfileLabelCell.m in Sources */,
				76AB3CBD187B212C0019603F /* SubElements.m in Sources */,
				769D3CEA1885A763002DF3B8 /* ImportMergeViewController.m in Sources */,
				768D56561890145500175EB4 /* ReportDocViewController.m in Sources */,
				768D567C18916A6300175EB4 /* ConclusionViewController.m in Sources */,
				76D96A3E187B07EA00961260 /* User.m in Sources */,
				762797191871D53A00F22E73 /* main.m in Sources */,
				768D56681890634600175EB4 /* ECGraphLine.m in Sources */,
				76A2BE3C187DBF7A0056CC22 /* ElementSubElementViewController.m in Sources */,
				76AB3CBA187B20C70019603F /* Elements.m in Sources */,
				76E81F1E187F071C00441F62 /* AnswersViewController.m in Sources */,
				768D5679189167C900175EB4 /* TableofContentsViewController.m in Sources */,
				768D56661890634600175EB4 /* ECGraph.m in Sources */,
				768D56D8189317C300175EB4 /* ElementSubelementProfilesViewController.m in Sources */,
				76AB3CB7187B20520019603F /* Report.m in Sources */,
				7627431318898D3900873E9F /* DrawingViewController.m in Sources */,
				768D56651890634600175EB4 /* ECCommon.m in Sources */,
				768D567318915FFD00175EB4 /* ReportDetailsViewController.m in Sources */,
				76A0DFBD18847B880038FD61 /* WIPAuditFilesViewController.m in Sources */,
				76DBFA83187CAD6300F84282 /* MainWindowPopOver.m in Sources */,
				76AB3CC0187B21700019603F /* Questions.m in Sources */,
				76E81F5B1886D8A400441F62 /* LoginHelpPopOverViewController.m in Sources */,
				7627431018897BB500873E9F /* CalculatorViewController.m in Sources */,
				76E81F4218859D5F00441F62 /* VoiceRecognizer.m in Sources */,
			);
			runOnlyForDeploymentPostprocessing = 0;
		};
		762797261871D53A00F22E73 /* Sources */ = {
			isa = PBXSourcesBuildPhase;
			buildActionMask = 2147483647;
			files = (
				762797381871D53A00F22E73 /* DNVTests.m in Sources */,
			);
			runOnlyForDeploymentPostprocessing = 0;
		};
/* End PBXSourcesBuildPhase section */

/* Begin PBXTargetDependency section */
		4AC04090188F0AE7006A2F3C /* PBXTargetDependency */ = {
			isa = PBXTargetDependency;
			name = KLSwitch;
			targetProxy = 4AC0408F188F0AE7006A2F3C /* PBXContainerItemProxy */;
		};
		762797301871D53A00F22E73 /* PBXTargetDependency */ = {
			isa = PBXTargetDependency;
			target = 762797081871D53A00F22E73 /* DNV */;
			targetProxy = 7627972F1871D53A00F22E73 /* PBXContainerItemProxy */;
		};
/* End PBXTargetDependency section */

/* Begin PBXVariantGroup section */
		762797151871D53A00F22E73 /* InfoPlist.strings */ = {
			isa = PBXVariantGroup;
			children = (
				762797161871D53A00F22E73 /* en */,
			);
			name = InfoPlist.strings;
			sourceTree = "<group>";
		};
		7627971E1871D53A00F22E73 /* Main.storyboard */ = {
			isa = PBXVariantGroup;
			children = (
				7627971F1871D53A00F22E73 /* Base */,
			);
			name = Main.storyboard;
			sourceTree = "<group>";
		};
		762797341871D53A00F22E73 /* InfoPlist.strings */ = {
			isa = PBXVariantGroup;
			children = (
				762797351871D53A00F22E73 /* en */,
			);
			name = InfoPlist.strings;
			sourceTree = "<group>";
		};
/* End PBXVariantGroup section */

/* Begin XCBuildConfiguration section */
		762797391871D53A00F22E73 /* Debug */ = {
			isa = XCBuildConfiguration;
			buildSettings = {
				ALWAYS_SEARCH_USER_PATHS = NO;
				ARCHS = "$(ARCHS_STANDARD)";
				CLANG_CXX_LANGUAGE_STANDARD = "gnu++0x";
				CLANG_CXX_LIBRARY = "libc++";
				CLANG_ENABLE_MODULES = YES;
				CLANG_ENABLE_OBJC_ARC = YES;
				CLANG_WARN_BOOL_CONVERSION = YES;
				CLANG_WARN_CONSTANT_CONVERSION = YES;
				CLANG_WARN_DIRECT_OBJC_ISA_USAGE = YES_ERROR;
				CLANG_WARN_EMPTY_BODY = YES;
				CLANG_WARN_ENUM_CONVERSION = YES;
				CLANG_WARN_INT_CONVERSION = YES;
				CLANG_WARN_OBJC_ROOT_CLASS = YES_ERROR;
				CLANG_WARN__DUPLICATE_METHOD_MATCH = YES;
				"CODE_SIGN_IDENTITY[sdk=iphoneos*]" = "iPhone Developer";
				COPY_PHASE_STRIP = NO;
				GCC_C_LANGUAGE_STANDARD = gnu99;
				GCC_DYNAMIC_NO_PIC = NO;
				GCC_OPTIMIZATION_LEVEL = 0;
				GCC_PREPROCESSOR_DEFINITIONS = (
					"DEBUG=1",
					"$(inherited)",
				);
				GCC_SYMBOLS_PRIVATE_EXTERN = NO;
				GCC_WARN_64_TO_32_BIT_CONVERSION = YES;
				GCC_WARN_ABOUT_RETURN_TYPE = YES_ERROR;
				GCC_WARN_UNDECLARED_SELECTOR = YES;
				GCC_WARN_UNINITIALIZED_AUTOS = YES;
				GCC_WARN_UNUSED_FUNCTION = YES;
				GCC_WARN_UNUSED_VARIABLE = YES;
				IPHONEOS_DEPLOYMENT_TARGET = 7.0;
				ONLY_ACTIVE_ARCH = YES;
				SDKROOT = iphoneos;
				TARGETED_DEVICE_FAMILY = 2;
			};
			name = Debug;
		};
		7627973A1871D53A00F22E73 /* Release */ = {
			isa = XCBuildConfiguration;
			buildSettings = {
				ALWAYS_SEARCH_USER_PATHS = NO;
				ARCHS = "$(ARCHS_STANDARD)";
				CLANG_CXX_LANGUAGE_STANDARD = "gnu++0x";
				CLANG_CXX_LIBRARY = "libc++";
				CLANG_ENABLE_MODULES = YES;
				CLANG_ENABLE_OBJC_ARC = YES;
				CLANG_WARN_BOOL_CONVERSION = YES;
				CLANG_WARN_CONSTANT_CONVERSION = YES;
				CLANG_WARN_DIRECT_OBJC_ISA_USAGE = YES_ERROR;
				CLANG_WARN_EMPTY_BODY = YES;
				CLANG_WARN_ENUM_CONVERSION = YES;
				CLANG_WARN_INT_CONVERSION = YES;
				CLANG_WARN_OBJC_ROOT_CLASS = YES_ERROR;
				CLANG_WARN__DUPLICATE_METHOD_MATCH = YES;
				"CODE_SIGN_IDENTITY[sdk=iphoneos*]" = "iPhone Developer";
				COPY_PHASE_STRIP = YES;
				ENABLE_NS_ASSERTIONS = NO;
				GCC_C_LANGUAGE_STANDARD = gnu99;
				GCC_WARN_64_TO_32_BIT_CONVERSION = YES;
				GCC_WARN_ABOUT_RETURN_TYPE = YES_ERROR;
				GCC_WARN_UNDECLARED_SELECTOR = YES;
				GCC_WARN_UNINITIALIZED_AUTOS = YES;
				GCC_WARN_UNUSED_FUNCTION = YES;
				GCC_WARN_UNUSED_VARIABLE = YES;
				IPHONEOS_DEPLOYMENT_TARGET = 7.0;
				SDKROOT = iphoneos;
				TARGETED_DEVICE_FAMILY = 2;
				VALIDATE_PRODUCT = YES;
			};
			name = Release;
		};
		7627973C1871D53A00F22E73 /* Debug */ = {
			isa = XCBuildConfiguration;
			buildSettings = {
				ASSETCATALOG_COMPILER_APPICON_NAME = AppIcon;
				ASSETCATALOG_COMPILER_LAUNCHIMAGE_NAME = LaunchImage;
				CODE_SIGN_IDENTITY = "iPhone Developer";
				"CODE_SIGN_IDENTITY[sdk=iphoneos*]" = "iPhone Developer";
				FRAMEWORK_SEARCH_PATHS = (
					"$(inherited)",
					"$(SRCROOT)",
					/Users/usi/Desktop/repoDVN/DVN/DNV,
				);
				GCC_PRECOMPILE_PREFIX_HEADER = YES;
				GCC_PREFIX_HEADER = "DNV/DNV-Prefix.pch";
				INFOPLIST_FILE = "DNV/DNV-Info.plist";
				PRODUCT_NAME = "$(TARGET_NAME)";
				PROVISIONING_PROFILE = "";
				WRAPPER_EXTENSION = app;
			};
			name = Debug;
		};
		7627973D1871D53A00F22E73 /* Release */ = {
			isa = XCBuildConfiguration;
			buildSettings = {
				ASSETCATALOG_COMPILER_APPICON_NAME = AppIcon;
				ASSETCATALOG_COMPILER_LAUNCHIMAGE_NAME = LaunchImage;
				CODE_SIGN_IDENTITY = "iPhone Developer";
				"CODE_SIGN_IDENTITY[sdk=iphoneos*]" = "iPhone Developer";
				FRAMEWORK_SEARCH_PATHS = (
					"$(inherited)",
					"$(SRCROOT)",
					/Users/usi/Desktop/repoDVN/DVN/DNV,
				);
				GCC_PRECOMPILE_PREFIX_HEADER = YES;
				GCC_PREFIX_HEADER = "DNV/DNV-Prefix.pch";
				INFOPLIST_FILE = "DNV/DNV-Info.plist";
				PRODUCT_NAME = "$(TARGET_NAME)";
				PROVISIONING_PROFILE = "";
				WRAPPER_EXTENSION = app;
			};
			name = Release;
		};
		7627973F1871D53A00F22E73 /* Debug */ = {
			isa = XCBuildConfiguration;
			buildSettings = {
				ARCHS = "$(ARCHS_STANDARD_INCLUDING_64_BIT)";
				BUNDLE_LOADER = "$(BUILT_PRODUCTS_DIR)/DNV.app/DNV";
				FRAMEWORK_SEARCH_PATHS = (
					"$(SDKROOT)/Developer/Library/Frameworks",
					"$(inherited)",
					"$(DEVELOPER_FRAMEWORKS_DIR)",
				);
				GCC_PRECOMPILE_PREFIX_HEADER = YES;
				GCC_PREFIX_HEADER = "DNV/DNV-Prefix.pch";
				GCC_PREPROCESSOR_DEFINITIONS = (
					"DEBUG=1",
					"$(inherited)",
				);
				INFOPLIST_FILE = "DNVTests/DNVTests-Info.plist";
				PRODUCT_NAME = "$(TARGET_NAME)";
				TEST_HOST = "$(BUNDLE_LOADER)";
				WRAPPER_EXTENSION = xctest;
			};
			name = Debug;
		};
		762797401871D53A00F22E73 /* Release */ = {
			isa = XCBuildConfiguration;
			buildSettings = {
				ARCHS = "$(ARCHS_STANDARD_INCLUDING_64_BIT)";
				BUNDLE_LOADER = "$(BUILT_PRODUCTS_DIR)/DNV.app/DNV";
				FRAMEWORK_SEARCH_PATHS = (
					"$(SDKROOT)/Developer/Library/Frameworks",
					"$(inherited)",
					"$(DEVELOPER_FRAMEWORKS_DIR)",
				);
				GCC_PRECOMPILE_PREFIX_HEADER = YES;
				GCC_PREFIX_HEADER = "DNV/DNV-Prefix.pch";
				INFOPLIST_FILE = "DNVTests/DNVTests-Info.plist";
				PRODUCT_NAME = "$(TARGET_NAME)";
				TEST_HOST = "$(BUNDLE_LOADER)";
				WRAPPER_EXTENSION = xctest;
			};
			name = Release;
		};
/* End XCBuildConfiguration section */

/* Begin XCConfigurationList section */
		762797041871D53A00F22E73 /* Build configuration list for PBXProject "DNV" */ = {
			isa = XCConfigurationList;
			buildConfigurations = (
				762797391871D53A00F22E73 /* Debug */,
				7627973A1871D53A00F22E73 /* Release */,
			);
			defaultConfigurationIsVisible = 0;
			defaultConfigurationName = Release;
		};
		7627973B1871D53A00F22E73 /* Build configuration list for PBXNativeTarget "DNV" */ = {
			isa = XCConfigurationList;
			buildConfigurations = (
				7627973C1871D53A00F22E73 /* Debug */,
				7627973D1871D53A00F22E73 /* Release */,
			);
			defaultConfigurationIsVisible = 0;
			defaultConfigurationName = Release;
		};
		7627973E1871D53A00F22E73 /* Build configuration list for PBXNativeTarget "DNVTests" */ = {
			isa = XCConfigurationList;
			buildConfigurations = (
				7627973F1871D53A00F22E73 /* Debug */,
				762797401871D53A00F22E73 /* Release */,
			);
			defaultConfigurationIsVisible = 0;
			defaultConfigurationName = Release;
		};
/* End XCConfigurationList section */
	};
	rootObject = 762797011871D53A00F22E73 /* Project object */;
}
